PODS:
  - Alamofire (5.6.4)
  - FBAEMKit (16.0.0):
    - FBSDKCoreKit_Basics (= 16.0.0)
  - FBSDKCoreKit (16.0.0):
    - FBAEMKit (= 16.0.0)
    - FBSDKCoreKit_Basics (= 16.0.0)
  - FBSDKCoreKit_Basics (16.0.0)
  - FBSDKLoginKit (16.0.0):
    - FBSDKCoreKit (= 16.0.0)
  - FloatingPanel (2.5.5)
  - GooglePlaces (7.3.0)
  - RxCocoa (6.5.0):
    - RxRelay (= 6.5.0)
    - RxSwift (= 6.5.0)
  - RxRelay (6.5.0):
    - RxSwift (= 6.5.0)
  - RxSwift (6.5.0)
  - SnapKit (5.0.1)

DEPENDENCIES:
  - Alamofire
  - FBSDKLoginKit
  - FloatingPanel
  - GooglePlaces (= 7.3.0)
  - RxCocoa (= 6.5.0)
  - RxSwift (= 6.5.0)
  - SnapKit (~> 5.0.0)

SPEC REPOS:
  trunk:
    - Alamofire
    - FBAEMKit
    - FBSDKCoreKit
    - FBSDKCoreKit_Basics
    - FBSDKLoginKit
    - FloatingPanel
    - GooglePlaces
    - RxCocoa
    - RxRelay
    - RxSwift
    - SnapKit

SPEC CHECKSUMS:
  Alamofire: 4e95d97098eacb88856099c4fc79b526a299e48c
  FBAEMKit: 7fb5a0b5caf2ed2900e29c3a17de92ea7193a247
  FBSDKCoreKit: 2a77418391aaa5da38ebf57b90b6de42cebcce6a
  FBSDKCoreKit_Basics: 65c5b3146f38705b95338b54f68ea086bcc468dd
  FBSDKLoginKit: 1a0deda07b1136beb0d468bf154393de6c16e291
  FloatingPanel: a27e7827e0f710fa6236fe2596dd1b5484cb4fc1
  GooglePlaces: 0609463845250bbadafa1739938181e54dece439
  RxCocoa: 94f817b71c07517321eb4f9ad299112ca8af743b
  RxRelay: 1de1523e604c72b6c68feadedd1af3b1b4d0ecbd
  RxSwift: 5710a9e6b17f3c3d6e40d6e559b9fa1e813b2ef8
  SnapKit: 97b92857e3df3a0c71833cce143274bf6ef8e5eb

PODFILE CHECKSUM: cee1ffe6bb54636ae54bb3b89d5f23ad7a054965

COCOAPODS: 1.11.3
