// !$*UTF8*$!
{
	archiveVersion = 1;
	classes = {
	};
	objectVersion = 56;
	objects = {

/* Begin PBXBuildFile section */
		1350F679322A5873075E17B8 /* libPods-Hity.a in Frameworks */ = {isa = PBXBuildFile; fileRef = 784BF3C55039876571558652 /* libPods-Hity.a */; };
		F061A5A52986EA7500EAD006 /* AppDelegate.swift in Sources */ = {isa = PBXBuildFile; fileRef = F061A5A42986EA7500EAD006 /* AppDelegate.swift */; };
		F061A5A72986EA7500EAD006 /* SceneDelegate.swift in Sources */ = {isa = PBXBuildFile; fileRef = F061A5A62986EA7500EAD006 /* SceneDelegate.swift */; };
		F061A5AE2986EA7500EAD006 /* Assets.xcassets in Resources */ = {isa = PBXBuildFile; fileRef = F061A5AD2986EA7500EAD006 /* Assets.xcassets */; };
		F061A5B12986EA7500EAD006 /* LaunchScreen.storyboard in Resources */ = {isa = PBXBuildFile; fileRef = F061A5AF2986EA7500EAD006 /* LaunchScreen.storyboard */; };
		F061A5BF2986EBD700EAD006 /* SearchController.swift in Sources */ = {isa = PBXBuildFile; fileRef = F061A5BE2986EBD700EAD006 /* SearchController.swift */; };
		F061A5C12986EC4300EAD006 /* SearchView.swift in Sources */ = {isa = PBXBuildFile; fileRef = F061A5C02986EC4300EAD006 /* SearchView.swift */; };
		F061A5C62986EF6700EAD006 /* SearchResultController.swift in Sources */ = {isa = PBXBuildFile; fileRef = F061A5C52986EF6700EAD006 /* SearchResultController.swift */; };
		F061A5C82986EF7300EAD006 /* SearchResultView.swift in Sources */ = {isa = PBXBuildFile; fileRef = F061A5C72986EF7300EAD006 /* SearchResultView.swift */; };
		F061A5CC2986F4B400EAD006 /* GooglePlacesManager.swift in Sources */ = {isa = PBXBuildFile; fileRef = F061A5CB2986F4B400EAD006 /* GooglePlacesManager.swift */; };
		F061A5CF2986F57700EAD006 /* PlacesModel.swift in Sources */ = {isa = PBXBuildFile; fileRef = F061A5CE2986F57700EAD006 /* PlacesModel.swift */; };
/* End PBXBuildFile section */

/* Begin PBXFileReference section */
		784BF3C55039876571558652 /* libPods-Hity.a */ = {isa = PBXFileReference; explicitFileType = archive.ar; includeInIndex = 0; path = "libPods-Hity.a"; sourceTree = BUILT_PRODUCTS_DIR; };
		961A847DF6CDB85E3223EDFC /* Pods-Hity.debug.xcconfig */ = {isa = PBXFileReference; includeInIndex = 1; lastKnownFileType = text.xcconfig; name = "Pods-Hity.debug.xcconfig"; path = "Target Support Files/Pods-Hity/Pods-Hity.debug.xcconfig"; sourceTree = "<group>"; };
		BF159BFA2A864B1EA37AA646 /* Pods-Hity.release.xcconfig */ = {isa = PBXFileReference; includeInIndex = 1; lastKnownFileType = text.xcconfig; name = "Pods-Hity.release.xcconfig"; path = "Target Support Files/Pods-Hity/Pods-Hity.release.xcconfig"; sourceTree = "<group>"; };
		F061A5A12986EA7500EAD006 /* Hity.app */ = {isa = PBXFileReference; explicitFileType = wrapper.application; includeInIndex = 0; path = Hity.app; sourceTree = BUILT_PRODUCTS_DIR; };
		F061A5A42986EA7500EAD006 /* AppDelegate.swift */ = {isa = PBXFileReference; lastKnownFileType = sourcecode.swift; path = AppDelegate.swift; sourceTree = "<group>"; };
		F061A5A62986EA7500EAD006 /* SceneDelegate.swift */ = {isa = PBXFileReference; lastKnownFileType = sourcecode.swift; path = SceneDelegate.swift; sourceTree = "<group>"; };
		F061A5AD2986EA7500EAD006 /* Assets.xcassets */ = {isa = PBXFileReference; lastKnownFileType = folder.assetcatalog; path = Assets.xcassets; sourceTree = "<group>"; };
		F061A5B02986EA7500EAD006 /* Base */ = {isa = PBXFileReference; lastKnownFileType = file.storyboard; name = Base; path = Base.lproj/LaunchScreen.storyboard; sourceTree = "<group>"; };
		F061A5B22986EA7500EAD006 /* Info.plist */ = {isa = PBXFileReference; lastKnownFileType = text.plist.xml; path = Info.plist; sourceTree = "<group>"; };
		F061A5BE2986EBD700EAD006 /* SearchController.swift */ = {isa = PBXFileReference; lastKnownFileType = sourcecode.swift; path = SearchController.swift; sourceTree = "<group>"; };
		F061A5C02986EC4300EAD006 /* SearchView.swift */ = {isa = PBXFileReference; lastKnownFileType = sourcecode.swift; path = SearchView.swift; sourceTree = "<group>"; };
		F061A5C52986EF6700EAD006 /* SearchResultController.swift */ = {isa = PBXFileReference; lastKnownFileType = sourcecode.swift; path = SearchResultController.swift; sourceTree = "<group>"; };
		F061A5C72986EF7300EAD006 /* SearchResultView.swift */ = {isa = PBXFileReference; lastKnownFileType = sourcecode.swift; path = SearchResultView.swift; sourceTree = "<group>"; };
		F061A5CB2986F4B400EAD006 /* GooglePlacesManager.swift */ = {isa = PBXFileReference; lastKnownFileType = sourcecode.swift; path = GooglePlacesManager.swift; sourceTree = "<group>"; };
		F061A5CE2986F57700EAD006 /* PlacesModel.swift */ = {isa = PBXFileReference; lastKnownFileType = sourcecode.swift; path = PlacesModel.swift; sourceTree = "<group>"; };
/* End PBXFileReference section */

/* Begin PBXFrameworksBuildPhase section */
		F061A59E2986EA7500EAD006 /* Frameworks */ = {
			isa = PBXFrameworksBuildPhase;
			buildActionMask = 2147483647;
			files = (
				1350F679322A5873075E17B8 /* libPods-Hity.a in Frameworks */,
			);
			runOnlyForDeploymentPostprocessing = 0;
		};
/* End PBXFrameworksBuildPhase section */

/* Begin PBXGroup section */
		40E292FE14AAB6267751D4F8 /* Pods */ = {
			isa = PBXGroup;
			children = (
				961A847DF6CDB85E3223EDFC /* Pods-Hity.debug.xcconfig */,
				BF159BFA2A864B1EA37AA646 /* Pods-Hity.release.xcconfig */,
			);
			path = Pods;
			sourceTree = "<group>";
		};
		EB9617258112936F4778F069 /* Frameworks */ = {
			isa = PBXGroup;
			children = (
				784BF3C55039876571558652 /* libPods-Hity.a */,
			);
			name = Frameworks;
			sourceTree = "<group>";
		};
		F061A5982986EA7500EAD006 = {
			isa = PBXGroup;
			children = (
				F061A5A32986EA7500EAD006 /* Hity */,
				F061A5A22986EA7500EAD006 /* Products */,
				40E292FE14AAB6267751D4F8 /* Pods */,
				EB9617258112936F4778F069 /* Frameworks */,
			);
			sourceTree = "<group>";
		};
		F061A5A22986EA7500EAD006 /* Products */ = {
			isa = PBXGroup;
			children = (
				F061A5A12986EA7500EAD006 /* Hity.app */,
			);
			name = Products;
			sourceTree = "<group>";
		};
		F061A5A32986EA7500EAD006 /* Hity */ = {
			isa = PBXGroup;
			children = (
				F061A5BB2986EB4E00EAD006 /* Scenes */,
				F061A5BA2986EB0200EAD006 /* Support */,
				F061A5B92986EAF700EAD006 /* Resources */,
				F061A5B82986EAEE00EAD006 /* App */,
			);
			path = Hity;
			sourceTree = "<group>";
		};
		F061A5B82986EAEE00EAD006 /* App */ = {
			isa = PBXGroup;
			children = (
				F061A5A62986EA7500EAD006 /* SceneDelegate.swift */,
				F061A5A42986EA7500EAD006 /* AppDelegate.swift */,
			);
			path = App;
			sourceTree = "<group>";
		};
		F061A5B92986EAF700EAD006 /* Resources */ = {
			isa = PBXGroup;
			children = (
				F061A5AF2986EA7500EAD006 /* LaunchScreen.storyboard */,
				F061A5AD2986EA7500EAD006 /* Assets.xcassets */,
			);
			path = Resources;
			sourceTree = "<group>";
		};
		F061A5BA2986EB0200EAD006 /* Support */ = {
			isa = PBXGroup;
			children = (
				F061A5B22986EA7500EAD006 /* Info.plist */,
			);
			path = Support;
			sourceTree = "<group>";
		};
		F061A5BB2986EB4E00EAD006 /* Scenes */ = {
			isa = PBXGroup;
			children = (
				F061A5C92986F49400EAD006 /* Network */,
				F061A5BC2986EBA300EAD006 /* Search */,
			);
			path = Scenes;
			sourceTree = "<group>";
		};
		F061A5BC2986EBA300EAD006 /* Search */ = {
			isa = PBXGroup;
			children = (
				F061A5BD2986EBA900EAD006 /* View */,
			);
			path = Search;
			sourceTree = "<group>";
		};
		F061A5BD2986EBA900EAD006 /* View */ = {
			isa = PBXGroup;
			children = (
				F061A5C32986EF3D00EAD006 /* SearchResult */,
				F061A5C22986EF2D00EAD006 /* Search */,
			);
			path = View;
			sourceTree = "<group>";
		};
		F061A5C22986EF2D00EAD006 /* Search */ = {
			isa = PBXGroup;
			children = (
				F061A5C02986EC4300EAD006 /* SearchView.swift */,
				F061A5BE2986EBD700EAD006 /* SearchController.swift */,
			);
			path = Search;
			sourceTree = "<group>";
		};
		F061A5C32986EF3D00EAD006 /* SearchResult */ = {
			isa = PBXGroup;
			children = (
				F061A5C52986EF6700EAD006 /* SearchResultController.swift */,
				F061A5C72986EF7300EAD006 /* SearchResultView.swift */,
			);
			path = SearchResult;
			sourceTree = "<group>";
		};
		F061A5C92986F49400EAD006 /* Network */ = {
			isa = PBXGroup;
			children = (
				F061A5CD2986F56200EAD006 /* Model */,
				F061A5CA2986F49B00EAD006 /* GooglePlacesManager */,
			);
			path = Network;
			sourceTree = "<group>";
		};
		F061A5CA2986F49B00EAD006 /* GooglePlacesManager */ = {
			isa = PBXGroup;
			children = (
				F061A5CB2986F4B400EAD006 /* GooglePlacesManager.swift */,
			);
			path = GooglePlacesManager;
			sourceTree = "<group>";
		};
		F061A5CD2986F56200EAD006 /* Model */ = {
			isa = PBXGroup;
			children = (
				F061A5CE2986F57700EAD006 /* PlacesModel.swift */,
			);
			path = Model;
			sourceTree = "<group>";
		};
/* End PBXGroup section */

/* Begin PBXNativeTarget section */
		F061A5A02986EA7500EAD006 /* Hity */ = {
			isa = PBXNativeTarget;
			buildConfigurationList = F061A5B52986EA7500EAD006 /* Build configuration list for PBXNativeTarget "Hity" */;
			buildPhases = (
				184BA876738038B56E74C6C1 /* [CP] Check Pods Manifest.lock */,
				F061A59D2986EA7500EAD006 /* Sources */,
				F061A59E2986EA7500EAD006 /* Frameworks */,
				F061A59F2986EA7500EAD006 /* Resources */,
				45B8552CEE87D2C9720DBAE6 /* [CP] Copy Pods Resources */,
			);
			buildRules = (
			);
			dependencies = (
			);
			name = Hity;
			productName = Hity;
			productReference = F061A5A12986EA7500EAD006 /* Hity.app */;
			productType = "com.apple.product-type.application";
		};
/* End PBXNativeTarget section */

/* Begin PBXProject section */
		F061A5992986EA7500EAD006 /* Project object */ = {
			isa = PBXProject;
			attributes = {
				BuildIndependentTargetsInParallel = 1;
				LastSwiftUpdateCheck = 1420;
				LastUpgradeCheck = 1420;
				TargetAttributes = {
					F061A5A02986EA7500EAD006 = {
						CreatedOnToolsVersion = 14.2;
					};
				};
			};
			buildConfigurationList = F061A59C2986EA7500EAD006 /* Build configuration list for PBXProject "Hity" */;
			compatibilityVersion = "Xcode 14.0";
			developmentRegion = en;
			hasScannedForEncodings = 0;
			knownRegions = (
				en,
				Base,
			);
			mainGroup = F061A5982986EA7500EAD006;
			productRefGroup = F061A5A22986EA7500EAD006 /* Products */;
			projectDirPath = "";
			projectRoot = "";
			targets = (
				F061A5A02986EA7500EAD006 /* Hity */,
			);
		};
/* End PBXProject section */

/* Begin PBXResourcesBuildPhase section */
		F061A59F2986EA7500EAD006 /* Resources */ = {
			isa = PBXResourcesBuildPhase;
			buildActionMask = 2147483647;
			files = (
				F061A5B12986EA7500EAD006 /* LaunchScreen.storyboard in Resources */,
				F061A5AE2986EA7500EAD006 /* Assets.xcassets in Resources */,
			);
			runOnlyForDeploymentPostprocessing = 0;
		};
/* End PBXResourcesBuildPhase section */

/* Begin PBXShellScriptBuildPhase section */
		184BA876738038B56E74C6C1 /* [CP] Check Pods Manifest.lock */ = {
			isa = PBXShellScriptBuildPhase;
			buildActionMask = 2147483647;
			files = (
			);
			inputFileListPaths = (
			);
			inputPaths = (
				"${PODS_PODFILE_DIR_PATH}/Podfile.lock",
				"${PODS_ROOT}/Manifest.lock",
			);
			name = "[CP] Check Pods Manifest.lock";
			outputFileListPaths = (
			);
			outputPaths = (
				"$(DERIVED_FILE_DIR)/Pods-Hity-checkManifestLockResult.txt",
			);
			runOnlyForDeploymentPostprocessing = 0;
			shellPath = /bin/sh;
			shellScript = "diff \"${PODS_PODFILE_DIR_PATH}/Podfile.lock\" \"${PODS_ROOT}/Manifest.lock\" > /dev/null\nif [ $? != 0 ] ; then\n    # print error to STDERR\n    echo \"error: The sandbox is not in sync with the Podfile.lock. Run 'pod install' or update your CocoaPods installation.\" >&2\n    exit 1\nfi\n# This output is used by Xcode 'outputs' to avoid re-running this script phase.\necho \"SUCCESS\" > \"${SCRIPT_OUTPUT_FILE_0}\"\n";
			showEnvVarsInLog = 0;
		};
		45B8552CEE87D2C9720DBAE6 /* [CP] Copy Pods Resources */ = {
			isa = PBXShellScriptBuildPhase;
			buildActionMask = 2147483647;
			files = (
			);
			inputFileListPaths = (
				"${PODS_ROOT}/Target Support Files/Pods-Hity/Pods-Hity-resources-${CONFIGURATION}-input-files.xcfilelist",
			);
			name = "[CP] Copy Pods Resources";
			outputFileListPaths = (
				"${PODS_ROOT}/Target Support Files/Pods-Hity/Pods-Hity-resources-${CONFIGURATION}-output-files.xcfilelist",
			);
			runOnlyForDeploymentPostprocessing = 0;
			shellPath = /bin/sh;
			shellScript = "\"${PODS_ROOT}/Target Support Files/Pods-Hity/Pods-Hity-resources.sh\"\n";
			showEnvVarsInLog = 0;
		};
/* End PBXShellScriptBuildPhase section */

/* Begin PBXSourcesBuildPhase section */
		F061A59D2986EA7500EAD006 /* Sources */ = {
			isa = PBXSourcesBuildPhase;
			buildActionMask = 2147483647;
			files = (
				F061A5C12986EC4300EAD006 /* SearchView.swift in Sources */,
				F061A5C82986EF7300EAD006 /* SearchResultView.swift in Sources */,
				F061A5A52986EA7500EAD006 /* AppDelegate.swift in Sources */,
				F061A5CC2986F4B400EAD006 /* GooglePlacesManager.swift in Sources */,
				F061A5BF2986EBD700EAD006 /* SearchController.swift in Sources */,
				F061A5CF2986F57700EAD006 /* PlacesModel.swift in Sources */,
				F061A5A72986EA7500EAD006 /* SceneDelegate.swift in Sources */,
				F061A5C62986EF6700EAD006 /* SearchResultController.swift in Sources */,
			);
			runOnlyForDeploymentPostprocessing = 0;
		};
/* End PBXSourcesBuildPhase section */

/* Begin PBXVariantGroup section */
		F061A5AF2986EA7500EAD006 /* LaunchScreen.storyboard */ = {
			isa = PBXVariantGroup;
			children = (
				F061A5B02986EA7500EAD006 /* Base */,
			);
			name = LaunchScreen.storyboard;
			sourceTree = "<group>";
		};
/* End PBXVariantGroup section */

/* Begin XCBuildConfiguration section */
		F061A5B32986EA7500EAD006 /* Debug */ = {
			isa = XCBuildConfiguration;
			buildSettings = {
				ALWAYS_SEARCH_USER_PATHS = NO;
				CLANG_ANALYZER_NONNULL = YES;
				CLANG_ANALYZER_NUMBER_OBJECT_CONVERSION = YES_AGGRESSIVE;
				CLANG_CXX_LANGUAGE_STANDARD = "gnu++20";
				CLANG_ENABLE_MODULES = YES;
				CLANG_ENABLE_OBJC_ARC = YES;
				CLANG_ENABLE_OBJC_WEAK = YES;
				CLANG_WARN_BLOCK_CAPTURE_AUTORELEASING = YES;
				CLANG_WARN_BOOL_CONVERSION = YES;
				CLANG_WARN_COMMA = YES;
				CLANG_WARN_CONSTANT_CONVERSION = YES;
				CLANG_WARN_DEPRECATED_OBJC_IMPLEMENTATIONS = YES;
				CLANG_WARN_DIRECT_OBJC_ISA_USAGE = YES_ERROR;
				CLANG_WARN_DOCUMENTATION_COMMENTS = YES;
				CLANG_WARN_EMPTY_BODY = YES;
				CLANG_WARN_ENUM_CONVERSION = YES;
				CLANG_WARN_INFINITE_RECURSION = YES;
				CLANG_WARN_INT_CONVERSION = YES;
				CLANG_WARN_NON_LITERAL_NULL_CONVERSION = YES;
				CLANG_WARN_OBJC_IMPLICIT_RETAIN_SELF = YES;
				CLANG_WARN_OBJC_LITERAL_CONVERSION = YES;
				CLANG_WARN_OBJC_ROOT_CLASS = YES_ERROR;
				CLANG_WARN_QUOTED_INCLUDE_IN_FRAMEWORK_HEADER = YES;
				CLANG_WARN_RANGE_LOOP_ANALYSIS = YES;
				CLANG_WARN_STRICT_PROTOTYPES = YES;
				CLANG_WARN_SUSPICIOUS_MOVE = YES;
				CLANG_WARN_UNGUARDED_AVAILABILITY = YES_AGGRESSIVE;
				CLANG_WARN_UNREACHABLE_CODE = YES;
				CLANG_WARN__DUPLICATE_METHOD_MATCH = YES;
				COPY_PHASE_STRIP = NO;
				DEBUG_INFORMATION_FORMAT = dwarf;
				ENABLE_STRICT_OBJC_MSGSEND = YES;
				ENABLE_TESTABILITY = YES;
				GCC_C_LANGUAGE_STANDARD = gnu11;
				GCC_DYNAMIC_NO_PIC = NO;
				GCC_NO_COMMON_BLOCKS = YES;
				GCC_OPTIMIZATION_LEVEL = 0;
				GCC_PREPROCESSOR_DEFINITIONS = (
					"DEBUG=1",
					"$(inherited)",
				);
				GCC_WARN_64_TO_32_BIT_CONVERSION = YES;
				GCC_WARN_ABOUT_RETURN_TYPE = YES_ERROR;
				GCC_WARN_UNDECLARED_SELECTOR = YES;
				GCC_WARN_UNINITIALIZED_AUTOS = YES_AGGRESSIVE;
				GCC_WARN_UNUSED_FUNCTION = YES;
				GCC_WARN_UNUSED_VARIABLE = YES;
				IPHONEOS_DEPLOYMENT_TARGET = 16.2;
				MTL_ENABLE_DEBUG_INFO = INCLUDE_SOURCE;
				MTL_FAST_MATH = YES;
				ONLY_ACTIVE_ARCH = YES;
				SDKROOT = iphoneos;
				SWIFT_ACTIVE_COMPILATION_CONDITIONS = DEBUG;
				SWIFT_OPTIMIZATION_LEVEL = "-Onone";
			};
			name = Debug;
		};
		F061A5B42986EA7500EAD006 /* Release */ = {
			isa = XCBuildConfiguration;
			buildSettings = {
				ALWAYS_SEARCH_USER_PATHS = NO;
				CLANG_ANALYZER_NONNULL = YES;
				CLANG_ANALYZER_NUMBER_OBJECT_CONVERSION = YES_AGGRESSIVE;
				CLANG_CXX_LANGUAGE_STANDARD = "gnu++20";
				CLANG_ENABLE_MODULES = YES;
				CLANG_ENABLE_OBJC_ARC = YES;
				CLANG_ENABLE_OBJC_WEAK = YES;
				CLANG_WARN_BLOCK_CAPTURE_AUTORELEASING = YES;
				CLANG_WARN_BOOL_CONVERSION = YES;
				CLANG_WARN_COMMA = YES;
				CLANG_WARN_CONSTANT_CONVERSION = YES;
				CLANG_WARN_DEPRECATED_OBJC_IMPLEMENTATIONS = YES;
				CLANG_WARN_DIRECT_OBJC_ISA_USAGE = YES_ERROR;
				CLANG_WARN_DOCUMENTATION_COMMENTS = YES;
				CLANG_WARN_EMPTY_BODY = YES;
				CLANG_WARN_ENUM_CONVERSION = YES;
				CLANG_WARN_INFINITE_RECURSION = YES;
				CLANG_WARN_INT_CONVERSION = YES;
				CLANG_WARN_NON_LITERAL_NULL_CONVERSION = YES;
				CLANG_WARN_OBJC_IMPLICIT_RETAIN_SELF = YES;
				CLANG_WARN_OBJC_LITERAL_CONVERSION = YES;
				CLANG_WARN_OBJC_ROOT_CLASS = YES_ERROR;
				CLANG_WARN_QUOTED_INCLUDE_IN_FRAMEWORK_HEADER = YES;
				CLANG_WARN_RANGE_LOOP_ANALYSIS = YES;
				CLANG_WARN_STRICT_PROTOTYPES = YES;
				CLANG_WARN_SUSPICIOUS_MOVE = YES;
				CLANG_WARN_UNGUARDED_AVAILABILITY = YES_AGGRESSIVE;
				CLANG_WARN_UNREACHABLE_CODE = YES;
				CLANG_WARN__DUPLICATE_METHOD_MATCH = YES;
				COPY_PHASE_STRIP = NO;
				DEBUG_INFORMATION_FORMAT = "dwarf-with-dsym";
				ENABLE_NS_ASSERTIONS = NO;
				ENABLE_STRICT_OBJC_MSGSEND = YES;
				GCC_C_LANGUAGE_STANDARD = gnu11;
				GCC_NO_COMMON_BLOCKS = YES;
				GCC_WARN_64_TO_32_BIT_CONVERSION = YES;
				GCC_WARN_ABOUT_RETURN_TYPE = YES_ERROR;
				GCC_WARN_UNDECLARED_SELECTOR = YES;
				GCC_WARN_UNINITIALIZED_AUTOS = YES_AGGRESSIVE;
				GCC_WARN_UNUSED_FUNCTION = YES;
				GCC_WARN_UNUSED_VARIABLE = YES;
				IPHONEOS_DEPLOYMENT_TARGET = 16.2;
				MTL_ENABLE_DEBUG_INFO = NO;
				MTL_FAST_MATH = YES;
				SDKROOT = iphoneos;
				SWIFT_COMPILATION_MODE = wholemodule;
				SWIFT_OPTIMIZATION_LEVEL = "-O";
				VALIDATE_PRODUCT = YES;
			};
			name = Release;
		};
		F061A5B62986EA7500EAD006 /* Debug */ = {
			isa = XCBuildConfiguration;
			baseConfigurationReference = 961A847DF6CDB85E3223EDFC /* Pods-Hity.debug.xcconfig */;
			buildSettings = {
				ASSETCATALOG_COMPILER_APPICON_NAME = AppIcon;
				ASSETCATALOG_COMPILER_GLOBAL_ACCENT_COLOR_NAME = AccentColor;
				CODE_SIGN_STYLE = Automatic;
				CURRENT_PROJECT_VERSION = 1;
				DEVELOPMENT_TEAM = 78Y3UD747G;
				GENERATE_INFOPLIST_FILE = YES;
				INFOPLIST_FILE = Hity/Support/Info.plist;
				INFOPLIST_KEY_UIApplicationSupportsIndirectInputEvents = YES;
				INFOPLIST_KEY_UILaunchStoryboardName = LaunchScreen;
				INFOPLIST_KEY_UISupportedInterfaceOrientations_iPad = "UIInterfaceOrientationPortrait UIInterfaceOrientationPortraitUpsideDown UIInterfaceOrientationLandscapeLeft UIInterfaceOrientationLandscapeRight";
				INFOPLIST_KEY_UISupportedInterfaceOrientations_iPhone = "UIInterfaceOrientationPortrait UIInterfaceOrientationLandscapeLeft UIInterfaceOrientationLandscapeRight";
				IPHONEOS_DEPLOYMENT_TARGET = 13.0;
				LD_RUNPATH_SEARCH_PATHS = (
					"$(inherited)",
					"@executable_path/Frameworks",
				);
				MARKETING_VERSION = 1.0.0;
				PRODUCT_BUNDLE_IDENTIFIER = com.ekremalkan.Hity;
				PRODUCT_NAME = "$(TARGET_NAME)";
				SWIFT_EMIT_LOC_STRINGS = YES;
				SWIFT_VERSION = 5.0;
				TARGETED_DEVICE_FAMILY = "1,2";
			};
			name = Debug;
		};
		F061A5B72986EA7500EAD006 /* Release */ = {
			isa = XCBuildConfiguration;
			baseConfigurationReference = BF159BFA2A864B1EA37AA646 /* Pods-Hity.release.xcconfig */;
			buildSettings = {
				ASSETCATALOG_COMPILER_APPICON_NAME = AppIcon;
				ASSETCATALOG_COMPILER_GLOBAL_ACCENT_COLOR_NAME = AccentColor;
				CODE_SIGN_STYLE = Automatic;
				CURRENT_PROJECT_VERSION = 1;
				DEVELOPMENT_TEAM = 78Y3UD747G;
				GENERATE_INFOPLIST_FILE = YES;
				INFOPLIST_FILE = Hity/Support/Info.plist;
				INFOPLIST_KEY_UIApplicationSupportsIndirectInputEvents = YES;
				INFOPLIST_KEY_UILaunchStoryboardName = LaunchScreen;
				INFOPLIST_KEY_UISupportedInterfaceOrientations_iPad = "UIInterfaceOrientationPortrait UIInterfaceOrientationPortraitUpsideDown UIInterfaceOrientationLandscapeLeft UIInterfaceOrientationLandscapeRight";
				INFOPLIST_KEY_UISupportedInterfaceOrientations_iPhone = "UIInterfaceOrientationPortrait UIInterfaceOrientationLandscapeLeft UIInterfaceOrientationLandscapeRight";
				IPHONEOS_DEPLOYMENT_TARGET = 13.0;
				LD_RUNPATH_SEARCH_PATHS = (
					"$(inherited)",
					"@executable_path/Frameworks",
				);
				MARKETING_VERSION = 1.0.0;
				PRODUCT_BUNDLE_IDENTIFIER = com.ekremalkan.Hity;
				PRODUCT_NAME = "$(TARGET_NAME)";
				SWIFT_EMIT_LOC_STRINGS = YES;
				SWIFT_VERSION = 5.0;
				TARGETED_DEVICE_FAMILY = "1,2";
			};
			name = Release;
		};
/* End XCBuildConfiguration section */

/* Begin XCConfigurationList section */
		F061A59C2986EA7500EAD006 /* Build configuration list for PBXProject "Hity" */ = {
			isa = XCConfigurationList;
			buildConfigurations = (
				F061A5B32986EA7500EAD006 /* Debug */,
				F061A5B42986EA7500EAD006 /* Release */,
			);
			defaultConfigurationIsVisible = 0;
			defaultConfigurationName = Release;
		};
		F061A5B52986EA7500EAD006 /* Build configuration list for PBXNativeTarget "Hity" */ = {
			isa = XCConfigurationList;
			buildConfigurations = (
				F061A5B62986EA7500EAD006 /* Debug */,
				F061A5B72986EA7500EAD006 /* Release */,
			);
			defaultConfigurationIsVisible = 0;
			defaultConfigurationName = Release;
		};
/* End XCConfigurationList section */
	};
	rootObject = F061A5992986EA7500EAD006 /* Project object */;
}
