// !$*UTF8*$!
{
	archiveVersion = 1;
	classes = {
	};
	objectVersion = 56;
	objects = {

/* Begin PBXBuildFile section */
		1350F679322A5873075E17B8 /* libPods-Hity.a in Frameworks */ = {isa = PBXBuildFile; fileRef = 784BF3C55039876571558652 /* libPods-Hity.a */; };
		F0380984299AA86C0080AB1C /* UIView+Shadow.swift in Sources */ = {isa = PBXBuildFile; fileRef = F0380983299AA86C0080AB1C /* UIView+Shadow.swift */; };
		F04A8F39298FEA2000E245AF /* NearbyPlacesCell.swift in Sources */ = {isa = PBXBuildFile; fileRef = F04A8F38298FEA2000E245AF /* NearbyPlacesCell.swift */; };
		F053F38B298910C3001D9CD6 /* OnboardingView.swift in Sources */ = {isa = PBXBuildFile; fileRef = F053F38A298910C3001D9CD6 /* OnboardingView.swift */; };
		F053F38D298916A7001D9CD6 /* OnboardingController.swift in Sources */ = {isa = PBXBuildFile; fileRef = F053F38C298916A7001D9CD6 /* OnboardingController.swift */; };
		F055FCA4298D42EF00A928CB /* NetworkManager.swift in Sources */ = {isa = PBXBuildFile; fileRef = F055FCA3298D42EF00A928CB /* NetworkManager.swift */; };
		F055FCA6298D46A000A928CB /* NetworkHelper.swift in Sources */ = {isa = PBXBuildFile; fileRef = F055FCA5298D46A000A928CB /* NetworkHelper.swift */; };
		F055FCAC298D496700A928CB /* WebService.swift in Sources */ = {isa = PBXBuildFile; fileRef = F055FCAB298D496700A928CB /* WebService.swift */; };
		F055FCAE298D53A500A928CB /* NearPlacesModel.swift in Sources */ = {isa = PBXBuildFile; fileRef = F055FCAD298D53A500A928CB /* NearPlacesModel.swift */; };
		F055FCB2298D600A00A928CB /* NearbySearchController.swift in Sources */ = {isa = PBXBuildFile; fileRef = F055FCB1298D600A00A928CB /* NearbySearchController.swift */; };
		F055FCB4298D601800A928CB /* NearbySearchView.swift in Sources */ = {isa = PBXBuildFile; fileRef = F055FCB3298D601800A928CB /* NearbySearchView.swift */; };
		F055FCB7298D6C4300A928CB /* NearbySearchViewModel.swift in Sources */ = {isa = PBXBuildFile; fileRef = F055FCB6298D6C4300A928CB /* NearbySearchViewModel.swift */; };
		F061A5A52986EA7500EAD006 /* AppDelegate.swift in Sources */ = {isa = PBXBuildFile; fileRef = F061A5A42986EA7500EAD006 /* AppDelegate.swift */; };
		F061A5A72986EA7500EAD006 /* SceneDelegate.swift in Sources */ = {isa = PBXBuildFile; fileRef = F061A5A62986EA7500EAD006 /* SceneDelegate.swift */; };
		F061A5AE2986EA7500EAD006 /* Assets.xcassets in Resources */ = {isa = PBXBuildFile; fileRef = F061A5AD2986EA7500EAD006 /* Assets.xcassets */; };
		F061A5B12986EA7500EAD006 /* LaunchScreen.storyboard in Resources */ = {isa = PBXBuildFile; fileRef = F061A5AF2986EA7500EAD006 /* LaunchScreen.storyboard */; };
		F061A5BF2986EBD700EAD006 /* SearchController.swift in Sources */ = {isa = PBXBuildFile; fileRef = F061A5BE2986EBD700EAD006 /* SearchController.swift */; };
		F061A5C12986EC4300EAD006 /* SearchView.swift in Sources */ = {isa = PBXBuildFile; fileRef = F061A5C02986EC4300EAD006 /* SearchView.swift */; };
		F061A5C62986EF6700EAD006 /* SearchResultController.swift in Sources */ = {isa = PBXBuildFile; fileRef = F061A5C52986EF6700EAD006 /* SearchResultController.swift */; };
		F061A5C82986EF7300EAD006 /* SearchResultView.swift in Sources */ = {isa = PBXBuildFile; fileRef = F061A5C72986EF7300EAD006 /* SearchResultView.swift */; };
		F061A5CF2986F57700EAD006 /* PlacesModel.swift in Sources */ = {isa = PBXBuildFile; fileRef = F061A5CE2986F57700EAD006 /* PlacesModel.swift */; };
		F061A5D22986FD2300EAD006 /* SearchViewModel.swift in Sources */ = {isa = PBXBuildFile; fileRef = F061A5D12986FD2300EAD006 /* SearchViewModel.swift */; };
		F0735B07298E81AF005306D8 /* UIImageView+DownloadImage.swift in Sources */ = {isa = PBXBuildFile; fileRef = F0735B06298E81AF005306D8 /* UIImageView+DownloadImage.swift */; };
		F0AE3637298F75F80054D14E /* PlaceDetailController.swift in Sources */ = {isa = PBXBuildFile; fileRef = F0AE3636298F75F80054D14E /* PlaceDetailController.swift */; };
		F0AE3639298F760D0054D14E /* PlaceDetailView.swift in Sources */ = {isa = PBXBuildFile; fileRef = F0AE3638298F760D0054D14E /* PlaceDetailView.swift */; };
		F0B09FF1299E58F5000B4552 /* PlaceWeekdaysView.swift in Sources */ = {isa = PBXBuildFile; fileRef = F0B09FF0299E58F5000B4552 /* PlaceWeekdaysView.swift */; };
		F0B09FF7299E859E000B4552 /* ReviewsView.swift in Sources */ = {isa = PBXBuildFile; fileRef = F0B09FF6299E859E000B4552 /* ReviewsView.swift */; };
		F0B09FFA299E85AF000B4552 /* ReviewsController.swift in Sources */ = {isa = PBXBuildFile; fileRef = F0B09FF9299E85AF000B4552 /* ReviewsController.swift */; };
		F0B09FFC299E8DEA000B4552 /* ReviewsCell.swift in Sources */ = {isa = PBXBuildFile; fileRef = F0B09FFB299E8DEA000B4552 /* ReviewsCell.swift */; };
		F0B0A000299E95F9000B4552 /* ReviewsViewModel.swift in Sources */ = {isa = PBXBuildFile; fileRef = F0B09FFF299E95F9000B4552 /* ReviewsViewModel.swift */; };
		F0B0A004299EBAE4000B4552 /* PlaceReviewsView.swift in Sources */ = {isa = PBXBuildFile; fileRef = F0B0A003299EBAE4000B4552 /* PlaceReviewsView.swift */; };
		F0B0A007299EC173000B4552 /* PlaceDetailViewModel.swift in Sources */ = {isa = PBXBuildFile; fileRef = F0B0A006299EC173000B4552 /* PlaceDetailViewModel.swift */; };
		F0B0F94429936AFE00C54A33 /* FavoriteView.swift in Sources */ = {isa = PBXBuildFile; fileRef = F0B0F94329936AFE00C54A33 /* FavoriteView.swift */; };
		F0B0F94729936C8B00C54A33 /* FavoriteCell.swift in Sources */ = {isa = PBXBuildFile; fileRef = F0B0F94629936C8B00C54A33 /* FavoriteCell.swift */; };
		F0B6F033299D0C6700F9B0A9 /* UIColor+HEXColor.swift in Sources */ = {isa = PBXBuildFile; fileRef = F0B6F032299D0C6700F9B0A9 /* UIColor+HEXColor.swift */; };
		F0B6F037299D237300F9B0A9 /* CircleButton.swift in Sources */ = {isa = PBXBuildFile; fileRef = F0B6F036299D237300F9B0A9 /* CircleButton.swift */; };
		F0B6F03D299D413100F9B0A9 /* PlaceDetailImageCell.swift in Sources */ = {isa = PBXBuildFile; fileRef = F0B6F03C299D413100F9B0A9 /* PlaceDetailImageCell.swift */; };
		F0B9886B298FC6350005F09F /* PlaceDetailModel.swift in Sources */ = {isa = PBXBuildFile; fileRef = F0B9886A298FC6350005F09F /* PlaceDetailModel.swift */; };
		F0C33038299E04F200F02DBF /* PlaceInfoView.swift in Sources */ = {isa = PBXBuildFile; fileRef = F0C33037299E04F200F02DBF /* PlaceInfoView.swift */; };
		F0C3303E299E234700F02DBF /* MKMapKit+OpenMapWithCoordinates.swift in Sources */ = {isa = PBXBuildFile; fileRef = F0C3303D299E234700F02DBF /* MKMapKit+OpenMapWithCoordinates.swift */; };
		F0C33040299E2E2B00F02DBF /* UIApplication+OpenURL.swift in Sources */ = {isa = PBXBuildFile; fileRef = F0C3303F299E2E2B00F02DBF /* UIApplication+OpenURL.swift */; };
		F0C4FB1029978BB600823275 /* Encodable+Dictionary.swift in Sources */ = {isa = PBXBuildFile; fileRef = F0C4FB0F29978BB600823275 /* Encodable+Dictionary.swift */; };
		F0C4FB1329978CB700823275 /* User.swift in Sources */ = {isa = PBXBuildFile; fileRef = F0C4FB1229978CB700823275 /* User.swift */; };
		F0C4FB1829980A4200823275 /* SignUpController.swift in Sources */ = {isa = PBXBuildFile; fileRef = F0C4FB1729980A4200823275 /* SignUpController.swift */; };
		F0C4FB1A29980A5000823275 /* SignUpView.swift in Sources */ = {isa = PBXBuildFile; fileRef = F0C4FB1929980A5000823275 /* SignUpView.swift */; };
		F0C4FB1C2998190500823275 /* UITextField+PaddingPoints.swift in Sources */ = {isa = PBXBuildFile; fileRef = F0C4FB1B2998190500823275 /* UITextField+PaddingPoints.swift */; };
		F0C4FB1F2998216700823275 /* SignUpViewModel.swift in Sources */ = {isa = PBXBuildFile; fileRef = F0C4FB1E2998216700823275 /* SignUpViewModel.swift */; };
		F0C4FB2129983EC200823275 /* UITextField+RightViewButton.swift in Sources */ = {isa = PBXBuildFile; fileRef = F0C4FB2029983EC200823275 /* UITextField+RightViewButton.swift */; };
		F0D5634B29923D9B00303553 /* MainTabBarController.swift in Sources */ = {isa = PBXBuildFile; fileRef = F0D5634A29923D9B00303553 /* MainTabBarController.swift */; };
		F0D5634F29923F5400303553 /* FavoriteController.swift in Sources */ = {isa = PBXBuildFile; fileRef = F0D5634E29923F5400303553 /* FavoriteController.swift */; };
		F0FEA0012996378800EE7D45 /* GoogleService-Info.plist in Resources */ = {isa = PBXBuildFile; fileRef = F0FEA0002996378800EE7D45 /* GoogleService-Info.plist */; };
		F0FEA0052996381F00EE7D45 /* FirebaseAuth in Frameworks */ = {isa = PBXBuildFile; productRef = F0FEA0042996381F00EE7D45 /* FirebaseAuth */; };
		F0FEA0072996381F00EE7D45 /* FirebaseFirestore in Frameworks */ = {isa = PBXBuildFile; productRef = F0FEA0062996381F00EE7D45 /* FirebaseFirestore */; };
		F0FEA00A29963E1600EE7D45 /* GoogleSignIn in Frameworks */ = {isa = PBXBuildFile; productRef = F0FEA00929963E1600EE7D45 /* GoogleSignIn */; };
		F0FEA00E29963E9700EE7D45 /* SignInController.swift in Sources */ = {isa = PBXBuildFile; fileRef = F0FEA00D29963E9700EE7D45 /* SignInController.swift */; };
		F0FEA01029963EA500EE7D45 /* SignInView.swift in Sources */ = {isa = PBXBuildFile; fileRef = F0FEA00F29963EA500EE7D45 /* SignInView.swift */; };
		F0FEA0142996415800EE7D45 /* SignInViewModel.swift in Sources */ = {isa = PBXBuildFile; fileRef = F0FEA0132996415800EE7D45 /* SignInViewModel.swift */; };
		F0FEA01B299675DF00EE7D45 /* GooglePlacesManager.swift in Sources */ = {isa = PBXBuildFile; fileRef = F0FEA01A299675DF00EE7D45 /* GooglePlacesManager.swift */; };
		F0FEA02029967B1200EE7D45 /* RandomNonceString.swift in Sources */ = {isa = PBXBuildFile; fileRef = F0FEA01F29967B1200EE7D45 /* RandomNonceString.swift */; };
		F0FEA02229967B4F00EE7D45 /* Sha256.swift in Sources */ = {isa = PBXBuildFile; fileRef = F0FEA02129967B4F00EE7D45 /* Sha256.swift */; };
/* End PBXBuildFile section */

/* Begin PBXFileReference section */
		784BF3C55039876571558652 /* libPods-Hity.a */ = {isa = PBXFileReference; explicitFileType = archive.ar; includeInIndex = 0; path = "libPods-Hity.a"; sourceTree = BUILT_PRODUCTS_DIR; };
		961A847DF6CDB85E3223EDFC /* Pods-Hity.debug.xcconfig */ = {isa = PBXFileReference; includeInIndex = 1; lastKnownFileType = text.xcconfig; name = "Pods-Hity.debug.xcconfig"; path = "Target Support Files/Pods-Hity/Pods-Hity.debug.xcconfig"; sourceTree = "<group>"; };
		BF159BFA2A864B1EA37AA646 /* Pods-Hity.release.xcconfig */ = {isa = PBXFileReference; includeInIndex = 1; lastKnownFileType = text.xcconfig; name = "Pods-Hity.release.xcconfig"; path = "Target Support Files/Pods-Hity/Pods-Hity.release.xcconfig"; sourceTree = "<group>"; };
		F01AA3192996930B0097173D /* Hity.entitlements */ = {isa = PBXFileReference; lastKnownFileType = text.plist.entitlements; path = Hity.entitlements; sourceTree = "<group>"; };
		F0380983299AA86C0080AB1C /* UIView+Shadow.swift */ = {isa = PBXFileReference; lastKnownFileType = sourcecode.swift; path = "UIView+Shadow.swift"; sourceTree = "<group>"; };
		F04A8F38298FEA2000E245AF /* NearbyPlacesCell.swift */ = {isa = PBXFileReference; lastKnownFileType = sourcecode.swift; path = NearbyPlacesCell.swift; sourceTree = "<group>"; };
		F053F38A298910C3001D9CD6 /* OnboardingView.swift */ = {isa = PBXFileReference; lastKnownFileType = sourcecode.swift; path = OnboardingView.swift; sourceTree = "<group>"; };
		F053F38C298916A7001D9CD6 /* OnboardingController.swift */ = {isa = PBXFileReference; lastKnownFileType = sourcecode.swift; path = OnboardingController.swift; sourceTree = "<group>"; };
		F055FCA3298D42EF00A928CB /* NetworkManager.swift */ = {isa = PBXFileReference; lastKnownFileType = sourcecode.swift; path = NetworkManager.swift; sourceTree = "<group>"; };
		F055FCA5298D46A000A928CB /* NetworkHelper.swift */ = {isa = PBXFileReference; lastKnownFileType = sourcecode.swift; path = NetworkHelper.swift; sourceTree = "<group>"; };
		F055FCAB298D496700A928CB /* WebService.swift */ = {isa = PBXFileReference; lastKnownFileType = sourcecode.swift; path = WebService.swift; sourceTree = "<group>"; };
		F055FCAD298D53A500A928CB /* NearPlacesModel.swift */ = {isa = PBXFileReference; lastKnownFileType = sourcecode.swift; path = NearPlacesModel.swift; sourceTree = "<group>"; };
		F055FCB1298D600A00A928CB /* NearbySearchController.swift */ = {isa = PBXFileReference; lastKnownFileType = sourcecode.swift; path = NearbySearchController.swift; sourceTree = "<group>"; };
		F055FCB3298D601800A928CB /* NearbySearchView.swift */ = {isa = PBXFileReference; lastKnownFileType = sourcecode.swift; path = NearbySearchView.swift; sourceTree = "<group>"; };
		F055FCB6298D6C4300A928CB /* NearbySearchViewModel.swift */ = {isa = PBXFileReference; lastKnownFileType = sourcecode.swift; path = NearbySearchViewModel.swift; sourceTree = "<group>"; };
		F061A5A12986EA7500EAD006 /* Hity.app */ = {isa = PBXFileReference; explicitFileType = wrapper.application; includeInIndex = 0; path = Hity.app; sourceTree = BUILT_PRODUCTS_DIR; };
		F061A5A42986EA7500EAD006 /* AppDelegate.swift */ = {isa = PBXFileReference; lastKnownFileType = sourcecode.swift; path = AppDelegate.swift; sourceTree = "<group>"; };
		F061A5A62986EA7500EAD006 /* SceneDelegate.swift */ = {isa = PBXFileReference; lastKnownFileType = sourcecode.swift; path = SceneDelegate.swift; sourceTree = "<group>"; };
		F061A5AD2986EA7500EAD006 /* Assets.xcassets */ = {isa = PBXFileReference; lastKnownFileType = folder.assetcatalog; path = Assets.xcassets; sourceTree = "<group>"; };
		F061A5B02986EA7500EAD006 /* Base */ = {isa = PBXFileReference; lastKnownFileType = file.storyboard; name = Base; path = Base.lproj/LaunchScreen.storyboard; sourceTree = "<group>"; };
		F061A5B22986EA7500EAD006 /* Info.plist */ = {isa = PBXFileReference; lastKnownFileType = text.plist.xml; path = Info.plist; sourceTree = "<group>"; };
		F061A5BE2986EBD700EAD006 /* SearchController.swift */ = {isa = PBXFileReference; lastKnownFileType = sourcecode.swift; path = SearchController.swift; sourceTree = "<group>"; };
		F061A5C02986EC4300EAD006 /* SearchView.swift */ = {isa = PBXFileReference; lastKnownFileType = sourcecode.swift; path = SearchView.swift; sourceTree = "<group>"; };
		F061A5C52986EF6700EAD006 /* SearchResultController.swift */ = {isa = PBXFileReference; lastKnownFileType = sourcecode.swift; path = SearchResultController.swift; sourceTree = "<group>"; };
		F061A5C72986EF7300EAD006 /* SearchResultView.swift */ = {isa = PBXFileReference; lastKnownFileType = sourcecode.swift; path = SearchResultView.swift; sourceTree = "<group>"; };
		F061A5CE2986F57700EAD006 /* PlacesModel.swift */ = {isa = PBXFileReference; lastKnownFileType = sourcecode.swift; path = PlacesModel.swift; sourceTree = "<group>"; };
		F061A5D12986FD2300EAD006 /* SearchViewModel.swift */ = {isa = PBXFileReference; lastKnownFileType = sourcecode.swift; path = SearchViewModel.swift; sourceTree = "<group>"; };
		F0735B06298E81AF005306D8 /* UIImageView+DownloadImage.swift */ = {isa = PBXFileReference; lastKnownFileType = sourcecode.swift; path = "UIImageView+DownloadImage.swift"; sourceTree = "<group>"; };
		F0AE3636298F75F80054D14E /* PlaceDetailController.swift */ = {isa = PBXFileReference; lastKnownFileType = sourcecode.swift; path = PlaceDetailController.swift; sourceTree = "<group>"; };
		F0AE3638298F760D0054D14E /* PlaceDetailView.swift */ = {isa = PBXFileReference; lastKnownFileType = sourcecode.swift; path = PlaceDetailView.swift; sourceTree = "<group>"; };
		F0B09FF0299E58F5000B4552 /* PlaceWeekdaysView.swift */ = {isa = PBXFileReference; lastKnownFileType = sourcecode.swift; path = PlaceWeekdaysView.swift; sourceTree = "<group>"; };
		F0B09FF6299E859E000B4552 /* ReviewsView.swift */ = {isa = PBXFileReference; lastKnownFileType = sourcecode.swift; path = ReviewsView.swift; sourceTree = "<group>"; };
		F0B09FF9299E85AF000B4552 /* ReviewsController.swift */ = {isa = PBXFileReference; lastKnownFileType = sourcecode.swift; path = ReviewsController.swift; sourceTree = "<group>"; };
		F0B09FFB299E8DEA000B4552 /* ReviewsCell.swift */ = {isa = PBXFileReference; lastKnownFileType = sourcecode.swift; path = ReviewsCell.swift; sourceTree = "<group>"; };
		F0B09FFF299E95F9000B4552 /* ReviewsViewModel.swift */ = {isa = PBXFileReference; lastKnownFileType = sourcecode.swift; path = ReviewsViewModel.swift; sourceTree = "<group>"; };
		F0B0A003299EBAE4000B4552 /* PlaceReviewsView.swift */ = {isa = PBXFileReference; lastKnownFileType = sourcecode.swift; path = PlaceReviewsView.swift; sourceTree = "<group>"; };
		F0B0A006299EC173000B4552 /* PlaceDetailViewModel.swift */ = {isa = PBXFileReference; lastKnownFileType = sourcecode.swift; path = PlaceDetailViewModel.swift; sourceTree = "<group>"; };
		F0B0F94329936AFE00C54A33 /* FavoriteView.swift */ = {isa = PBXFileReference; lastKnownFileType = sourcecode.swift; path = FavoriteView.swift; sourceTree = "<group>"; };
		F0B0F94629936C8B00C54A33 /* FavoriteCell.swift */ = {isa = PBXFileReference; lastKnownFileType = sourcecode.swift; path = FavoriteCell.swift; sourceTree = "<group>"; };
		F0B6F032299D0C6700F9B0A9 /* UIColor+HEXColor.swift */ = {isa = PBXFileReference; lastKnownFileType = sourcecode.swift; path = "UIColor+HEXColor.swift"; sourceTree = "<group>"; };
		F0B6F036299D237300F9B0A9 /* CircleButton.swift */ = {isa = PBXFileReference; lastKnownFileType = sourcecode.swift; path = CircleButton.swift; sourceTree = "<group>"; };
		F0B6F03C299D413100F9B0A9 /* PlaceDetailImageCell.swift */ = {isa = PBXFileReference; lastKnownFileType = sourcecode.swift; path = PlaceDetailImageCell.swift; sourceTree = "<group>"; };
		F0B9886A298FC6350005F09F /* PlaceDetailModel.swift */ = {isa = PBXFileReference; lastKnownFileType = sourcecode.swift; path = PlaceDetailModel.swift; sourceTree = "<group>"; };
		F0C33037299E04F200F02DBF /* PlaceInfoView.swift */ = {isa = PBXFileReference; lastKnownFileType = sourcecode.swift; path = PlaceInfoView.swift; sourceTree = "<group>"; };
		F0C3303D299E234700F02DBF /* MKMapKit+OpenMapWithCoordinates.swift */ = {isa = PBXFileReference; lastKnownFileType = sourcecode.swift; path = "MKMapKit+OpenMapWithCoordinates.swift"; sourceTree = "<group>"; };
		F0C3303F299E2E2B00F02DBF /* UIApplication+OpenURL.swift */ = {isa = PBXFileReference; lastKnownFileType = sourcecode.swift; path = "UIApplication+OpenURL.swift"; sourceTree = "<group>"; };
		F0C4FB0F29978BB600823275 /* Encodable+Dictionary.swift */ = {isa = PBXFileReference; lastKnownFileType = sourcecode.swift; path = "Encodable+Dictionary.swift"; sourceTree = "<group>"; };
		F0C4FB1229978CB700823275 /* User.swift */ = {isa = PBXFileReference; lastKnownFileType = sourcecode.swift; path = User.swift; sourceTree = "<group>"; };
		F0C4FB1729980A4200823275 /* SignUpController.swift */ = {isa = PBXFileReference; lastKnownFileType = sourcecode.swift; path = SignUpController.swift; sourceTree = "<group>"; };
		F0C4FB1929980A5000823275 /* SignUpView.swift */ = {isa = PBXFileReference; lastKnownFileType = sourcecode.swift; path = SignUpView.swift; sourceTree = "<group>"; };
		F0C4FB1B2998190500823275 /* UITextField+PaddingPoints.swift */ = {isa = PBXFileReference; lastKnownFileType = sourcecode.swift; path = "UITextField+PaddingPoints.swift"; sourceTree = "<group>"; };
		F0C4FB1E2998216700823275 /* SignUpViewModel.swift */ = {isa = PBXFileReference; lastKnownFileType = sourcecode.swift; path = SignUpViewModel.swift; sourceTree = "<group>"; };
		F0C4FB2029983EC200823275 /* UITextField+RightViewButton.swift */ = {isa = PBXFileReference; lastKnownFileType = sourcecode.swift; path = "UITextField+RightViewButton.swift"; sourceTree = "<group>"; };
		F0D5634A29923D9B00303553 /* MainTabBarController.swift */ = {isa = PBXFileReference; lastKnownFileType = sourcecode.swift; path = MainTabBarController.swift; sourceTree = "<group>"; };
		F0D5634E29923F5400303553 /* FavoriteController.swift */ = {isa = PBXFileReference; lastKnownFileType = sourcecode.swift; path = FavoriteController.swift; sourceTree = "<group>"; };
		F0FEA0002996378800EE7D45 /* GoogleService-Info.plist */ = {isa = PBXFileReference; fileEncoding = 4; lastKnownFileType = text.plist.xml; path = "GoogleService-Info.plist"; sourceTree = "<group>"; };
		F0FEA00D29963E9700EE7D45 /* SignInController.swift */ = {isa = PBXFileReference; lastKnownFileType = sourcecode.swift; path = SignInController.swift; sourceTree = "<group>"; };
		F0FEA00F29963EA500EE7D45 /* SignInView.swift */ = {isa = PBXFileReference; lastKnownFileType = sourcecode.swift; path = SignInView.swift; sourceTree = "<group>"; };
		F0FEA0132996415800EE7D45 /* SignInViewModel.swift */ = {isa = PBXFileReference; lastKnownFileType = sourcecode.swift; path = SignInViewModel.swift; sourceTree = "<group>"; };
		F0FEA01A299675DF00EE7D45 /* GooglePlacesManager.swift */ = {isa = PBXFileReference; lastKnownFileType = sourcecode.swift; path = GooglePlacesManager.swift; sourceTree = "<group>"; };
		F0FEA01F29967B1200EE7D45 /* RandomNonceString.swift */ = {isa = PBXFileReference; lastKnownFileType = sourcecode.swift; path = RandomNonceString.swift; sourceTree = "<group>"; };
		F0FEA02129967B4F00EE7D45 /* Sha256.swift */ = {isa = PBXFileReference; lastKnownFileType = sourcecode.swift; path = Sha256.swift; sourceTree = "<group>"; };
/* End PBXFileReference section */

/* Begin PBXFrameworksBuildPhase section */
		F061A59E2986EA7500EAD006 /* Frameworks */ = {
			isa = PBXFrameworksBuildPhase;
			buildActionMask = 2147483647;
			files = (
				1350F679322A5873075E17B8 /* libPods-Hity.a in Frameworks */,
				F0FEA00A29963E1600EE7D45 /* GoogleSignIn in Frameworks */,
				F0FEA0052996381F00EE7D45 /* FirebaseAuth in Frameworks */,
				F0FEA0072996381F00EE7D45 /* FirebaseFirestore in Frameworks */,
			);
			runOnlyForDeploymentPostprocessing = 0;
		};
/* End PBXFrameworksBuildPhase section */

/* Begin PBXGroup section */
		40E292FE14AAB6267751D4F8 /* Pods */ = {
			isa = PBXGroup;
			children = (
				961A847DF6CDB85E3223EDFC /* Pods-Hity.debug.xcconfig */,
				BF159BFA2A864B1EA37AA646 /* Pods-Hity.release.xcconfig */,
			);
			path = Pods;
			sourceTree = "<group>";
		};
		EB9617258112936F4778F069 /* Frameworks */ = {
			isa = PBXGroup;
			children = (
				784BF3C55039876571558652 /* libPods-Hity.a */,
			);
			name = Frameworks;
			sourceTree = "<group>";
		};
		F053F388298910AB001D9CD6 /* Onboarding */ = {
			isa = PBXGroup;
			children = (
				F053F389298910B3001D9CD6 /* View */,
			);
			path = Onboarding;
			sourceTree = "<group>";
		};
		F053F389298910B3001D9CD6 /* View */ = {
			isa = PBXGroup;
			children = (
				F053F38A298910C3001D9CD6 /* OnboardingView.swift */,
				F053F38C298916A7001D9CD6 /* OnboardingController.swift */,
			);
			path = View;
			sourceTree = "<group>";
		};
		F055FCA2298D42E300A928CB /* Core */ = {
			isa = PBXGroup;
			children = (
				F055FCA7298D490900A928CB /* NetworkManager */,
				F0FEA01C299675F500EE7D45 /* GooglePlacesManager */,
			);
			path = Core;
			sourceTree = "<group>";
		};
		F055FCA7298D490900A928CB /* NetworkManager */ = {
			isa = PBXGroup;
			children = (
				F055FCA5298D46A000A928CB /* NetworkHelper.swift */,
				F055FCA3298D42EF00A928CB /* NetworkManager.swift */,
			);
			path = NetworkManager;
			sourceTree = "<group>";
		};
		F055FCA8298D493B00A928CB /* Service */ = {
			isa = PBXGroup;
			children = (
				F055FCAB298D496700A928CB /* WebService.swift */,
			);
			path = Service;
			sourceTree = "<group>";
		};
		F055FCAF298D5FD800A928CB /* NearBySearch */ = {
			isa = PBXGroup;
			children = (
				F0B6F02F299D084B00F9B0A9 /* Model */,
				F055FCB5298D6C3600A928CB /* ViewModel */,
				F055FCB0298D5FEB00A928CB /* View */,
			);
			path = NearBySearch;
			sourceTree = "<group>";
		};
		F055FCB0298D5FEB00A928CB /* View */ = {
			isa = PBXGroup;
			children = (
				F0735B02298E74D1005306D8 /* Cell */,
				F055FCB1298D600A00A928CB /* NearbySearchController.swift */,
				F055FCB3298D601800A928CB /* NearbySearchView.swift */,
			);
			path = View;
			sourceTree = "<group>";
		};
		F055FCB5298D6C3600A928CB /* ViewModel */ = {
			isa = PBXGroup;
			children = (
				F055FCB6298D6C4300A928CB /* NearbySearchViewModel.swift */,
			);
			path = ViewModel;
			sourceTree = "<group>";
		};
		F061A5982986EA7500EAD006 = {
			isa = PBXGroup;
			children = (
				F061A5A32986EA7500EAD006 /* Hity */,
				F061A5A22986EA7500EAD006 /* Products */,
				40E292FE14AAB6267751D4F8 /* Pods */,
				EB9617258112936F4778F069 /* Frameworks */,
			);
			sourceTree = "<group>";
		};
		F061A5A22986EA7500EAD006 /* Products */ = {
			isa = PBXGroup;
			children = (
				F061A5A12986EA7500EAD006 /* Hity.app */,
			);
			name = Products;
			sourceTree = "<group>";
		};
		F061A5A32986EA7500EAD006 /* Hity */ = {
			isa = PBXGroup;
			children = (
				F01AA3192996930B0097173D /* Hity.entitlements */,
				F061A5B82986EAEE00EAD006 /* App */,
				F0FEA01D29967AF300EE7D45 /* Helper */,
				F0B6F034299D230F00F9B0A9 /* Components */,
				F0735B05298E8173005306D8 /* Extensions */,
				F061A5BB2986EB4E00EAD006 /* Scenes */,
				F061A5C92986F49400EAD006 /* Network */,
				F061A5B92986EAF700EAD006 /* Resources */,
				F061A5BA2986EB0200EAD006 /* Support */,
			);
			path = Hity;
			sourceTree = "<group>";
		};
		F061A5B82986EAEE00EAD006 /* App */ = {
			isa = PBXGroup;
			children = (
				F061A5A62986EA7500EAD006 /* SceneDelegate.swift */,
				F061A5A42986EA7500EAD006 /* AppDelegate.swift */,
			);
			path = App;
			sourceTree = "<group>";
		};
		F061A5B92986EAF700EAD006 /* Resources */ = {
			isa = PBXGroup;
			children = (
				F061A5AF2986EA7500EAD006 /* LaunchScreen.storyboard */,
				F061A5AD2986EA7500EAD006 /* Assets.xcassets */,
			);
			path = Resources;
			sourceTree = "<group>";
		};
		F061A5BA2986EB0200EAD006 /* Support */ = {
			isa = PBXGroup;
			children = (
				F061A5B22986EA7500EAD006 /* Info.plist */,
				F0FEA0002996378800EE7D45 /* GoogleService-Info.plist */,
			);
			path = Support;
			sourceTree = "<group>";
		};
		F061A5BB2986EB4E00EAD006 /* Scenes */ = {
			isa = PBXGroup;
			children = (
				F053F388298910AB001D9CD6 /* Onboarding */,
				F0FEA00B29963E7A00EE7D45 /* Auth */,
				F0D5634729923D5600303553 /* TabBar */,
				F061A5BC2986EBA300EAD006 /* Search */,
				F055FCAF298D5FD800A928CB /* NearBySearch */,
				F0D5634C29923F3800303553 /* Favorite */,
				F0AE3634298F75CB0054D14E /* PlaceDetail */,
				F0B09FF3299E8581000B4552 /* Reviews */,
			);
			path = Scenes;
			sourceTree = "<group>";
		};
		F061A5BC2986EBA300EAD006 /* Search */ = {
			isa = PBXGroup;
			children = (
				F0B6F030299D085E00F9B0A9 /* Model */,
				F061A5D02986FD1600EAD006 /* ViewModel */,
				F061A5BD2986EBA900EAD006 /* View */,
			);
			path = Search;
			sourceTree = "<group>";
		};
		F061A5BD2986EBA900EAD006 /* View */ = {
			isa = PBXGroup;
			children = (
				F061A5C32986EF3D00EAD006 /* SearchResult */,
				F061A5C22986EF2D00EAD006 /* Search */,
			);
			path = View;
			sourceTree = "<group>";
		};
		F061A5C22986EF2D00EAD006 /* Search */ = {
			isa = PBXGroup;
			children = (
				F061A5C02986EC4300EAD006 /* SearchView.swift */,
				F061A5BE2986EBD700EAD006 /* SearchController.swift */,
			);
			path = Search;
			sourceTree = "<group>";
		};
		F061A5C32986EF3D00EAD006 /* SearchResult */ = {
			isa = PBXGroup;
			children = (
				F061A5C52986EF6700EAD006 /* SearchResultController.swift */,
				F061A5C72986EF7300EAD006 /* SearchResultView.swift */,
			);
			path = SearchResult;
			sourceTree = "<group>";
		};
		F061A5C92986F49400EAD006 /* Network */ = {
			isa = PBXGroup;
			children = (
				F055FCA2298D42E300A928CB /* Core */,
				F055FCA8298D493B00A928CB /* Service */,
			);
			path = Network;
			sourceTree = "<group>";
		};
		F061A5D02986FD1600EAD006 /* ViewModel */ = {
			isa = PBXGroup;
			children = (
				F061A5D12986FD2300EAD006 /* SearchViewModel.swift */,
			);
			path = ViewModel;
			sourceTree = "<group>";
		};
		F0735B02298E74D1005306D8 /* Cell */ = {
			isa = PBXGroup;
			children = (
				F04A8F38298FEA2000E245AF /* NearbyPlacesCell.swift */,
			);
			path = Cell;
			sourceTree = "<group>";
		};
		F0735B05298E8173005306D8 /* Extensions */ = {
			isa = PBXGroup;
			children = (
				F0735B06298E81AF005306D8 /* UIImageView+DownloadImage.swift */,
				F0C4FB0F29978BB600823275 /* Encodable+Dictionary.swift */,
				F0C4FB1B2998190500823275 /* UITextField+PaddingPoints.swift */,
				F0C4FB2029983EC200823275 /* UITextField+RightViewButton.swift */,
				F0380983299AA86C0080AB1C /* UIView+Shadow.swift */,
				F0B6F032299D0C6700F9B0A9 /* UIColor+HEXColor.swift */,
				F0C3303D299E234700F02DBF /* MKMapKit+OpenMapWithCoordinates.swift */,
				F0C3303F299E2E2B00F02DBF /* UIApplication+OpenURL.swift */,
			);
			path = Extensions;
			sourceTree = "<group>";
		};
		F0AE3634298F75CB0054D14E /* PlaceDetail */ = {
			isa = PBXGroup;
			children = (
				F0B0A005299EC161000B4552 /* ViewModel */,
				F0B6F031299D086D00F9B0A9 /* Model */,
				F0AE3635298F75D80054D14E /* View */,
			);
			path = PlaceDetail;
			sourceTree = "<group>";
		};
		F0AE3635298F75D80054D14E /* View */ = {
			isa = PBXGroup;
			children = (
				F0B6F03A299D40E100F9B0A9 /* Cell */,
				F0AE3636298F75F80054D14E /* PlaceDetailController.swift */,
				F0AE3638298F760D0054D14E /* PlaceDetailView.swift */,
				F0B09FF2299E8549000B4552 /* Subviews */,
			);
			path = View;
			sourceTree = "<group>";
		};
		F0B09FED299E5810000B4552 /* Views */ = {
			isa = PBXGroup;
			children = (
			);
			path = Views;
			sourceTree = "<group>";
		};
		F0B09FF2299E8549000B4552 /* Subviews */ = {
			isa = PBXGroup;
			children = (
				F0B09FF0299E58F5000B4552 /* PlaceWeekdaysView.swift */,
				F0C33037299E04F200F02DBF /* PlaceInfoView.swift */,
				F0B0A003299EBAE4000B4552 /* PlaceReviewsView.swift */,
			);
			path = Subviews;
			sourceTree = "<group>";
		};
		F0B09FF3299E8581000B4552 /* Reviews */ = {
			isa = PBXGroup;
			children = (
				F0B09FFD299E95D5000B4552 /* ViewModel */,
				F0B09FF4299E858B000B4552 /* View */,
			);
			path = Reviews;
			sourceTree = "<group>";
		};
		F0B09FF4299E858B000B4552 /* View */ = {
			isa = PBXGroup;
			children = (
				F0B09FF5299E858F000B4552 /* Cell */,
				F0B09FF6299E859E000B4552 /* ReviewsView.swift */,
				F0B09FF9299E85AF000B4552 /* ReviewsController.swift */,
			);
			path = View;
			sourceTree = "<group>";
		};
		F0B09FF5299E858F000B4552 /* Cell */ = {
			isa = PBXGroup;
			children = (
				F0B09FFB299E8DEA000B4552 /* ReviewsCell.swift */,
			);
			path = Cell;
			sourceTree = "<group>";
		};
		F0B09FFD299E95D5000B4552 /* ViewModel */ = {
			isa = PBXGroup;
			children = (
				F0B09FFF299E95F9000B4552 /* ReviewsViewModel.swift */,
			);
			path = ViewModel;
			sourceTree = "<group>";
		};
		F0B0A005299EC161000B4552 /* ViewModel */ = {
			isa = PBXGroup;
			children = (
				F0B0A006299EC173000B4552 /* PlaceDetailViewModel.swift */,
			);
			path = ViewModel;
			sourceTree = "<group>";
		};
		F0B0F94529936C6200C54A33 /* Cell */ = {
			isa = PBXGroup;
			children = (
				F0B0F94629936C8B00C54A33 /* FavoriteCell.swift */,
			);
			path = Cell;
			sourceTree = "<group>";
		};
		F0B6F02F299D084B00F9B0A9 /* Model */ = {
			isa = PBXGroup;
			children = (
				F055FCAD298D53A500A928CB /* NearPlacesModel.swift */,
			);
			path = Model;
			sourceTree = "<group>";
		};
		F0B6F030299D085E00F9B0A9 /* Model */ = {
			isa = PBXGroup;
			children = (
				F061A5CE2986F57700EAD006 /* PlacesModel.swift */,
			);
			path = Model;
			sourceTree = "<group>";
		};
		F0B6F031299D086D00F9B0A9 /* Model */ = {
			isa = PBXGroup;
			children = (
				F0B9886A298FC6350005F09F /* PlaceDetailModel.swift */,
			);
			path = Model;
			sourceTree = "<group>";
		};
		F0B6F034299D230F00F9B0A9 /* Components */ = {
			isa = PBXGroup;
			children = (
				F0B09FED299E5810000B4552 /* Views */,
				F0B6F035299D231900F9B0A9 /* Buttons */,
			);
			name = Components;
			path = ../Components;
			sourceTree = "<group>";
		};
		F0B6F035299D231900F9B0A9 /* Buttons */ = {
			isa = PBXGroup;
			children = (
				F0B6F036299D237300F9B0A9 /* CircleButton.swift */,
			);
			path = Buttons;
			sourceTree = "<group>";
		};
		F0B6F03A299D40E100F9B0A9 /* Cell */ = {
			isa = PBXGroup;
			children = (
				F0B6F03C299D413100F9B0A9 /* PlaceDetailImageCell.swift */,
			);
			path = Cell;
			sourceTree = "<group>";
		};
		F0C4FB1129978CAD00823275 /* Model */ = {
			isa = PBXGroup;
			children = (
				F0C4FB1229978CB700823275 /* User.swift */,
			);
			path = Model;
			sourceTree = "<group>";
		};
		F0C4FB1429980A0E00823275 /* SignUp */ = {
			isa = PBXGroup;
			children = (
				F0C4FB1129978CAD00823275 /* Model */,
				F0C4FB1D2998215400823275 /* ViewModel */,
				F0C4FB1529980A2100823275 /* View */,
			);
			path = SignUp;
			sourceTree = "<group>";
		};
		F0C4FB1529980A2100823275 /* View */ = {
			isa = PBXGroup;
			children = (
				F0C4FB1729980A4200823275 /* SignUpController.swift */,
				F0C4FB1929980A5000823275 /* SignUpView.swift */,
			);
			path = View;
			sourceTree = "<group>";
		};
		F0C4FB1D2998215400823275 /* ViewModel */ = {
			isa = PBXGroup;
			children = (
				F0C4FB1E2998216700823275 /* SignUpViewModel.swift */,
			);
			path = ViewModel;
			sourceTree = "<group>";
		};
		F0D5634729923D5600303553 /* TabBar */ = {
			isa = PBXGroup;
			children = (
				F0D5634829923D6200303553 /* View */,
			);
			path = TabBar;
			sourceTree = "<group>";
		};
		F0D5634829923D6200303553 /* View */ = {
			isa = PBXGroup;
			children = (
				F0D5634A29923D9B00303553 /* MainTabBarController.swift */,
			);
			path = View;
			sourceTree = "<group>";
		};
		F0D5634C29923F3800303553 /* Favorite */ = {
			isa = PBXGroup;
			children = (
				F0D5634D29923F4000303553 /* View */,
			);
			path = Favorite;
			sourceTree = "<group>";
		};
		F0D5634D29923F4000303553 /* View */ = {
			isa = PBXGroup;
			children = (
				F0B0F94529936C6200C54A33 /* Cell */,
				F0D5634E29923F5400303553 /* FavoriteController.swift */,
				F0B0F94329936AFE00C54A33 /* FavoriteView.swift */,
			);
			path = View;
			sourceTree = "<group>";
		};
		F0FEA00B29963E7A00EE7D45 /* Auth */ = {
			isa = PBXGroup;
			children = (
				F0C4FB1429980A0E00823275 /* SignUp */,
				F0FEA00C29963E8200EE7D45 /* SignIn */,
			);
			path = Auth;
			sourceTree = "<group>";
		};
		F0FEA00C29963E8200EE7D45 /* SignIn */ = {
			isa = PBXGroup;
			children = (
				F0FEA0122996413100EE7D45 /* ViewModel */,
				F0FEA0112996412700EE7D45 /* View */,
			);
			path = SignIn;
			sourceTree = "<group>";
		};
		F0FEA0112996412700EE7D45 /* View */ = {
			isa = PBXGroup;
			children = (
				F0FEA00D29963E9700EE7D45 /* SignInController.swift */,
				F0FEA00F29963EA500EE7D45 /* SignInView.swift */,
			);
			path = View;
			sourceTree = "<group>";
		};
		F0FEA0122996413100EE7D45 /* ViewModel */ = {
			isa = PBXGroup;
			children = (
				F0FEA0132996415800EE7D45 /* SignInViewModel.swift */,
			);
			path = ViewModel;
			sourceTree = "<group>";
		};
		F0FEA01C299675F500EE7D45 /* GooglePlacesManager */ = {
			isa = PBXGroup;
			children = (
				F0FEA01A299675DF00EE7D45 /* GooglePlacesManager.swift */,
			);
			path = GooglePlacesManager;
			sourceTree = "<group>";
		};
		F0FEA01D29967AF300EE7D45 /* Helper */ = {
			isa = PBXGroup;
			children = (
				F0FEA01F29967B1200EE7D45 /* RandomNonceString.swift */,
				F0FEA02129967B4F00EE7D45 /* Sha256.swift */,
			);
			path = Helper;
			sourceTree = "<group>";
		};
/* End PBXGroup section */

/* Begin PBXNativeTarget section */
		F061A5A02986EA7500EAD006 /* Hity */ = {
			isa = PBXNativeTarget;
			buildConfigurationList = F061A5B52986EA7500EAD006 /* Build configuration list for PBXNativeTarget "Hity" */;
			buildPhases = (
				184BA876738038B56E74C6C1 /* [CP] Check Pods Manifest.lock */,
				F061A59D2986EA7500EAD006 /* Sources */,
				F061A59E2986EA7500EAD006 /* Frameworks */,
				F061A59F2986EA7500EAD006 /* Resources */,
				45B8552CEE87D2C9720DBAE6 /* [CP] Copy Pods Resources */,
				117D05ED8FF09616FF6DA2EE /* [CP] Embed Pods Frameworks */,
			);
			buildRules = (
			);
			dependencies = (
			);
			name = Hity;
			packageProductDependencies = (
				F0FEA0042996381F00EE7D45 /* FirebaseAuth */,
				F0FEA0062996381F00EE7D45 /* FirebaseFirestore */,
				F0FEA00929963E1600EE7D45 /* GoogleSignIn */,
			);
			productName = Hity;
			productReference = F061A5A12986EA7500EAD006 /* Hity.app */;
			productType = "com.apple.product-type.application";
		};
/* End PBXNativeTarget section */

/* Begin PBXProject section */
		F061A5992986EA7500EAD006 /* Project object */ = {
			isa = PBXProject;
			attributes = {
				BuildIndependentTargetsInParallel = 1;
				LastSwiftUpdateCheck = 1420;
				LastUpgradeCheck = 1420;
				TargetAttributes = {
					F061A5A02986EA7500EAD006 = {
						CreatedOnToolsVersion = 14.2;
					};
				};
			};
			buildConfigurationList = F061A59C2986EA7500EAD006 /* Build configuration list for PBXProject "Hity" */;
			compatibilityVersion = "Xcode 14.0";
			developmentRegion = en;
			hasScannedForEncodings = 0;
			knownRegions = (
				en,
				Base,
			);
			mainGroup = F061A5982986EA7500EAD006;
			packageReferences = (
				F0FEA0032996381F00EE7D45 /* XCRemoteSwiftPackageReference "firebase-ios-sdk" */,
				F0FEA00829963E1600EE7D45 /* XCRemoteSwiftPackageReference "GoogleSignIn-iOS" */,
			);
			productRefGroup = F061A5A22986EA7500EAD006 /* Products */;
			projectDirPath = "";
			projectRoot = "";
			targets = (
				F061A5A02986EA7500EAD006 /* Hity */,
			);
		};
/* End PBXProject section */

/* Begin PBXResourcesBuildPhase section */
		F061A59F2986EA7500EAD006 /* Resources */ = {
			isa = PBXResourcesBuildPhase;
			buildActionMask = 2147483647;
			files = (
				F061A5B12986EA7500EAD006 /* LaunchScreen.storyboard in Resources */,
				F061A5AE2986EA7500EAD006 /* Assets.xcassets in Resources */,
				F0FEA0012996378800EE7D45 /* GoogleService-Info.plist in Resources */,
			);
			runOnlyForDeploymentPostprocessing = 0;
		};
/* End PBXResourcesBuildPhase section */

/* Begin PBXShellScriptBuildPhase section */
		117D05ED8FF09616FF6DA2EE /* [CP] Embed Pods Frameworks */ = {
			isa = PBXShellScriptBuildPhase;
			buildActionMask = 2147483647;
			files = (
			);
			inputFileListPaths = (
				"${PODS_ROOT}/Target Support Files/Pods-Hity/Pods-Hity-frameworks-${CONFIGURATION}-input-files.xcfilelist",
			);
			name = "[CP] Embed Pods Frameworks";
			outputFileListPaths = (
				"${PODS_ROOT}/Target Support Files/Pods-Hity/Pods-Hity-frameworks-${CONFIGURATION}-output-files.xcfilelist",
			);
			runOnlyForDeploymentPostprocessing = 0;
			shellPath = /bin/sh;
			shellScript = "\"${PODS_ROOT}/Target Support Files/Pods-Hity/Pods-Hity-frameworks.sh\"\n";
			showEnvVarsInLog = 0;
		};
		184BA876738038B56E74C6C1 /* [CP] Check Pods Manifest.lock */ = {
			isa = PBXShellScriptBuildPhase;
			buildActionMask = 2147483647;
			files = (
			);
			inputFileListPaths = (
			);
			inputPaths = (
				"${PODS_PODFILE_DIR_PATH}/Podfile.lock",
				"${PODS_ROOT}/Manifest.lock",
			);
			name = "[CP] Check Pods Manifest.lock";
			outputFileListPaths = (
			);
			outputPaths = (
				"$(DERIVED_FILE_DIR)/Pods-Hity-checkManifestLockResult.txt",
			);
			runOnlyForDeploymentPostprocessing = 0;
			shellPath = /bin/sh;
			shellScript = "diff \"${PODS_PODFILE_DIR_PATH}/Podfile.lock\" \"${PODS_ROOT}/Manifest.lock\" > /dev/null\nif [ $? != 0 ] ; then\n    # print error to STDERR\n    echo \"error: The sandbox is not in sync with the Podfile.lock. Run 'pod install' or update your CocoaPods installation.\" >&2\n    exit 1\nfi\n# This output is used by Xcode 'outputs' to avoid re-running this script phase.\necho \"SUCCESS\" > \"${SCRIPT_OUTPUT_FILE_0}\"\n";
			showEnvVarsInLog = 0;
		};
		45B8552CEE87D2C9720DBAE6 /* [CP] Copy Pods Resources */ = {
			isa = PBXShellScriptBuildPhase;
			buildActionMask = 2147483647;
			files = (
			);
			inputFileListPaths = (
				"${PODS_ROOT}/Target Support Files/Pods-Hity/Pods-Hity-resources-${CONFIGURATION}-input-files.xcfilelist",
			);
			name = "[CP] Copy Pods Resources";
			outputFileListPaths = (
				"${PODS_ROOT}/Target Support Files/Pods-Hity/Pods-Hity-resources-${CONFIGURATION}-output-files.xcfilelist",
			);
			runOnlyForDeploymentPostprocessing = 0;
			shellPath = /bin/sh;
			shellScript = "\"${PODS_ROOT}/Target Support Files/Pods-Hity/Pods-Hity-resources.sh\"\n";
			showEnvVarsInLog = 0;
		};
/* End PBXShellScriptBuildPhase section */

/* Begin PBXSourcesBuildPhase section */
		F061A59D2986EA7500EAD006 /* Sources */ = {
			isa = PBXSourcesBuildPhase;
			buildActionMask = 2147483647;
			files = (
				F0FEA02229967B4F00EE7D45 /* Sha256.swift in Sources */,
				F0C4FB1029978BB600823275 /* Encodable+Dictionary.swift in Sources */,
				F055FCA6298D46A000A928CB /* NetworkHelper.swift in Sources */,
				F0B0A007299EC173000B4552 /* PlaceDetailViewModel.swift in Sources */,
				F061A5C12986EC4300EAD006 /* SearchView.swift in Sources */,
				F0D5634B29923D9B00303553 /* MainTabBarController.swift in Sources */,
				F055FCB2298D600A00A928CB /* NearbySearchController.swift in Sources */,
				F055FCAC298D496700A928CB /* WebService.swift in Sources */,
				F0735B07298E81AF005306D8 /* UIImageView+DownloadImage.swift in Sources */,
				F061A5C82986EF7300EAD006 /* SearchResultView.swift in Sources */,
				F053F38D298916A7001D9CD6 /* OnboardingController.swift in Sources */,
				F0FEA01029963EA500EE7D45 /* SignInView.swift in Sources */,
				F0B0F94429936AFE00C54A33 /* FavoriteView.swift in Sources */,
				F0B09FFA299E85AF000B4552 /* ReviewsController.swift in Sources */,
				F0B09FF7299E859E000B4552 /* ReviewsView.swift in Sources */,
				F0B6F03D299D413100F9B0A9 /* PlaceDetailImageCell.swift in Sources */,
				F0FEA00E29963E9700EE7D45 /* SignInController.swift in Sources */,
				F0AE3639298F760D0054D14E /* PlaceDetailView.swift in Sources */,
				F0B09FF1299E58F5000B4552 /* PlaceWeekdaysView.swift in Sources */,
				F0C4FB2129983EC200823275 /* UITextField+RightViewButton.swift in Sources */,
				F0C3303E299E234700F02DBF /* MKMapKit+OpenMapWithCoordinates.swift in Sources */,
				F055FCA4298D42EF00A928CB /* NetworkManager.swift in Sources */,
				F0B09FFC299E8DEA000B4552 /* ReviewsCell.swift in Sources */,
				F0B0A004299EBAE4000B4552 /* PlaceReviewsView.swift in Sources */,
				F04A8F39298FEA2000E245AF /* NearbyPlacesCell.swift in Sources */,
				F0C4FB1A29980A5000823275 /* SignUpView.swift in Sources */,
				F0FEA0142996415800EE7D45 /* SignInViewModel.swift in Sources */,
				F061A5A52986EA7500EAD006 /* AppDelegate.swift in Sources */,
				F053F38B298910C3001D9CD6 /* OnboardingView.swift in Sources */,
				F0B6F037299D237300F9B0A9 /* CircleButton.swift in Sources */,
				F0B0F94729936C8B00C54A33 /* FavoriteCell.swift in Sources */,
				F061A5BF2986EBD700EAD006 /* SearchController.swift in Sources */,
				F0C33040299E2E2B00F02DBF /* UIApplication+OpenURL.swift in Sources */,
				F0D5634F29923F5400303553 /* FavoriteController.swift in Sources */,
				F0380984299AA86C0080AB1C /* UIView+Shadow.swift in Sources */,
				F0B6F033299D0C6700F9B0A9 /* UIColor+HEXColor.swift in Sources */,
				F055FCAE298D53A500A928CB /* NearPlacesModel.swift in Sources */,
				F0C4FB1F2998216700823275 /* SignUpViewModel.swift in Sources */,
				F061A5CF2986F57700EAD006 /* PlacesModel.swift in Sources */,
				F0C33038299E04F200F02DBF /* PlaceInfoView.swift in Sources */,
				F0C4FB1329978CB700823275 /* User.swift in Sources */,
				F0B9886B298FC6350005F09F /* PlaceDetailModel.swift in Sources */,
				F0AE3637298F75F80054D14E /* PlaceDetailController.swift in Sources */,
				F0FEA01B299675DF00EE7D45 /* GooglePlacesManager.swift in Sources */,
				F061A5D22986FD2300EAD006 /* SearchViewModel.swift in Sources */,
				F055FCB4298D601800A928CB /* NearbySearchView.swift in Sources */,
				F0B0A000299E95F9000B4552 /* ReviewsViewModel.swift in Sources */,
				F0C4FB1C2998190500823275 /* UITextField+PaddingPoints.swift in Sources */,
				F0C4FB1829980A4200823275 /* SignUpController.swift in Sources */,
				F061A5A72986EA7500EAD006 /* SceneDelegate.swift in Sources */,
				F061A5C62986EF6700EAD006 /* SearchResultController.swift in Sources */,
				F055FCB7298D6C4300A928CB /* NearbySearchViewModel.swift in Sources */,
				F0FEA02029967B1200EE7D45 /* RandomNonceString.swift in Sources */,
			);
			runOnlyForDeploymentPostprocessing = 0;
		};
/* End PBXSourcesBuildPhase section */

/* Begin PBXVariantGroup section */
		F061A5AF2986EA7500EAD006 /* LaunchScreen.storyboard */ = {
			isa = PBXVariantGroup;
			children = (
				F061A5B02986EA7500EAD006 /* Base */,
			);
			name = LaunchScreen.storyboard;
			sourceTree = "<group>";
		};
/* End PBXVariantGroup section */

/* Begin XCBuildConfiguration section */
		F061A5B32986EA7500EAD006 /* Debug */ = {
			isa = XCBuildConfiguration;
			buildSettings = {
				ALWAYS_SEARCH_USER_PATHS = NO;
				CLANG_ANALYZER_NONNULL = YES;
				CLANG_ANALYZER_NUMBER_OBJECT_CONVERSION = YES_AGGRESSIVE;
				CLANG_CXX_LANGUAGE_STANDARD = "gnu++20";
				CLANG_ENABLE_MODULES = YES;
				CLANG_ENABLE_OBJC_ARC = YES;
				CLANG_ENABLE_OBJC_WEAK = YES;
				CLANG_WARN_BLOCK_CAPTURE_AUTORELEASING = YES;
				CLANG_WARN_BOOL_CONVERSION = YES;
				CLANG_WARN_COMMA = YES;
				CLANG_WARN_CONSTANT_CONVERSION = YES;
				CLANG_WARN_DEPRECATED_OBJC_IMPLEMENTATIONS = YES;
				CLANG_WARN_DIRECT_OBJC_ISA_USAGE = YES_ERROR;
				CLANG_WARN_DOCUMENTATION_COMMENTS = YES;
				CLANG_WARN_EMPTY_BODY = YES;
				CLANG_WARN_ENUM_CONVERSION = YES;
				CLANG_WARN_INFINITE_RECURSION = YES;
				CLANG_WARN_INT_CONVERSION = YES;
				CLANG_WARN_NON_LITERAL_NULL_CONVERSION = YES;
				CLANG_WARN_OBJC_IMPLICIT_RETAIN_SELF = YES;
				CLANG_WARN_OBJC_LITERAL_CONVERSION = YES;
				CLANG_WARN_OBJC_ROOT_CLASS = YES_ERROR;
				CLANG_WARN_QUOTED_INCLUDE_IN_FRAMEWORK_HEADER = YES;
				CLANG_WARN_RANGE_LOOP_ANALYSIS = YES;
				CLANG_WARN_STRICT_PROTOTYPES = YES;
				CLANG_WARN_SUSPICIOUS_MOVE = YES;
				CLANG_WARN_UNGUARDED_AVAILABILITY = YES_AGGRESSIVE;
				CLANG_WARN_UNREACHABLE_CODE = YES;
				CLANG_WARN__DUPLICATE_METHOD_MATCH = YES;
				COPY_PHASE_STRIP = NO;
				DEBUG_INFORMATION_FORMAT = dwarf;
				ENABLE_STRICT_OBJC_MSGSEND = YES;
				ENABLE_TESTABILITY = YES;
				GCC_C_LANGUAGE_STANDARD = gnu11;
				GCC_DYNAMIC_NO_PIC = NO;
				GCC_NO_COMMON_BLOCKS = YES;
				GCC_OPTIMIZATION_LEVEL = 0;
				GCC_PREPROCESSOR_DEFINITIONS = (
					"DEBUG=1",
					"$(inherited)",
				);
				GCC_WARN_64_TO_32_BIT_CONVERSION = YES;
				GCC_WARN_ABOUT_RETURN_TYPE = YES_ERROR;
				GCC_WARN_UNDECLARED_SELECTOR = YES;
				GCC_WARN_UNINITIALIZED_AUTOS = YES_AGGRESSIVE;
				GCC_WARN_UNUSED_FUNCTION = YES;
				GCC_WARN_UNUSED_VARIABLE = YES;
				IPHONEOS_DEPLOYMENT_TARGET = 16.2;
				MTL_ENABLE_DEBUG_INFO = INCLUDE_SOURCE;
				MTL_FAST_MATH = YES;
				ONLY_ACTIVE_ARCH = YES;
				SDKROOT = iphoneos;
				SWIFT_ACTIVE_COMPILATION_CONDITIONS = DEBUG;
				SWIFT_OPTIMIZATION_LEVEL = "-Onone";
			};
			name = Debug;
		};
		F061A5B42986EA7500EAD006 /* Release */ = {
			isa = XCBuildConfiguration;
			buildSettings = {
				ALWAYS_SEARCH_USER_PATHS = NO;
				CLANG_ANALYZER_NONNULL = YES;
				CLANG_ANALYZER_NUMBER_OBJECT_CONVERSION = YES_AGGRESSIVE;
				CLANG_CXX_LANGUAGE_STANDARD = "gnu++20";
				CLANG_ENABLE_MODULES = YES;
				CLANG_ENABLE_OBJC_ARC = YES;
				CLANG_ENABLE_OBJC_WEAK = YES;
				CLANG_WARN_BLOCK_CAPTURE_AUTORELEASING = YES;
				CLANG_WARN_BOOL_CONVERSION = YES;
				CLANG_WARN_COMMA = YES;
				CLANG_WARN_CONSTANT_CONVERSION = YES;
				CLANG_WARN_DEPRECATED_OBJC_IMPLEMENTATIONS = YES;
				CLANG_WARN_DIRECT_OBJC_ISA_USAGE = YES_ERROR;
				CLANG_WARN_DOCUMENTATION_COMMENTS = YES;
				CLANG_WARN_EMPTY_BODY = YES;
				CLANG_WARN_ENUM_CONVERSION = YES;
				CLANG_WARN_INFINITE_RECURSION = YES;
				CLANG_WARN_INT_CONVERSION = YES;
				CLANG_WARN_NON_LITERAL_NULL_CONVERSION = YES;
				CLANG_WARN_OBJC_IMPLICIT_RETAIN_SELF = YES;
				CLANG_WARN_OBJC_LITERAL_CONVERSION = YES;
				CLANG_WARN_OBJC_ROOT_CLASS = YES_ERROR;
				CLANG_WARN_QUOTED_INCLUDE_IN_FRAMEWORK_HEADER = YES;
				CLANG_WARN_RANGE_LOOP_ANALYSIS = YES;
				CLANG_WARN_STRICT_PROTOTYPES = YES;
				CLANG_WARN_SUSPICIOUS_MOVE = YES;
				CLANG_WARN_UNGUARDED_AVAILABILITY = YES_AGGRESSIVE;
				CLANG_WARN_UNREACHABLE_CODE = YES;
				CLANG_WARN__DUPLICATE_METHOD_MATCH = YES;
				COPY_PHASE_STRIP = NO;
				DEBUG_INFORMATION_FORMAT = "dwarf-with-dsym";
				ENABLE_NS_ASSERTIONS = NO;
				ENABLE_STRICT_OBJC_MSGSEND = YES;
				GCC_C_LANGUAGE_STANDARD = gnu11;
				GCC_NO_COMMON_BLOCKS = YES;
				GCC_WARN_64_TO_32_BIT_CONVERSION = YES;
				GCC_WARN_ABOUT_RETURN_TYPE = YES_ERROR;
				GCC_WARN_UNDECLARED_SELECTOR = YES;
				GCC_WARN_UNINITIALIZED_AUTOS = YES_AGGRESSIVE;
				GCC_WARN_UNUSED_FUNCTION = YES;
				GCC_WARN_UNUSED_VARIABLE = YES;
				IPHONEOS_DEPLOYMENT_TARGET = 16.2;
				MTL_ENABLE_DEBUG_INFO = NO;
				MTL_FAST_MATH = YES;
				SDKROOT = iphoneos;
				SWIFT_COMPILATION_MODE = wholemodule;
				SWIFT_OPTIMIZATION_LEVEL = "-O";
				VALIDATE_PRODUCT = YES;
			};
			name = Release;
		};
		F061A5B62986EA7500EAD006 /* Debug */ = {
			isa = XCBuildConfiguration;
			baseConfigurationReference = 961A847DF6CDB85E3223EDFC /* Pods-Hity.debug.xcconfig */;
			buildSettings = {
				ASSETCATALOG_COMPILER_APPICON_NAME = AppIcon;
				ASSETCATALOG_COMPILER_GLOBAL_ACCENT_COLOR_NAME = AccentColor;
				CODE_SIGN_ENTITLEMENTS = Hity/Hity.entitlements;
				CODE_SIGN_STYLE = Automatic;
				CURRENT_PROJECT_VERSION = 1;
				DEVELOPMENT_TEAM = 78Y3UD747G;
				GENERATE_INFOPLIST_FILE = YES;
				INFOPLIST_FILE = Hity/Support/Info.plist;
				INFOPLIST_KEY_UIApplicationSupportsIndirectInputEvents = YES;
				INFOPLIST_KEY_UILaunchStoryboardName = LaunchScreen;
				INFOPLIST_KEY_UISupportedInterfaceOrientations_iPad = "UIInterfaceOrientationPortrait UIInterfaceOrientationPortraitUpsideDown UIInterfaceOrientationLandscapeLeft UIInterfaceOrientationLandscapeRight";
				INFOPLIST_KEY_UISupportedInterfaceOrientations_iPhone = "UIInterfaceOrientationPortrait UIInterfaceOrientationLandscapeLeft UIInterfaceOrientationLandscapeRight";
				IPHONEOS_DEPLOYMENT_TARGET = 13.0;
				LD_RUNPATH_SEARCH_PATHS = (
					"$(inherited)",
					"@executable_path/Frameworks",
				);
				MARKETING_VERSION = 1.0.0;
				PRODUCT_BUNDLE_IDENTIFIER = com.ekremalkan.Hity;
				PRODUCT_NAME = "$(TARGET_NAME)";
				SWIFT_EMIT_LOC_STRINGS = YES;
				SWIFT_VERSION = 5.0;
				TARGETED_DEVICE_FAMILY = "1,2";
			};
			name = Debug;
		};
		F061A5B72986EA7500EAD006 /* Release */ = {
			isa = XCBuildConfiguration;
			baseConfigurationReference = BF159BFA2A864B1EA37AA646 /* Pods-Hity.release.xcconfig */;
			buildSettings = {
				ASSETCATALOG_COMPILER_APPICON_NAME = AppIcon;
				ASSETCATALOG_COMPILER_GLOBAL_ACCENT_COLOR_NAME = AccentColor;
				CODE_SIGN_ENTITLEMENTS = Hity/Hity.entitlements;
				CODE_SIGN_STYLE = Automatic;
				CURRENT_PROJECT_VERSION = 1;
				DEVELOPMENT_TEAM = 78Y3UD747G;
				GENERATE_INFOPLIST_FILE = YES;
				INFOPLIST_FILE = Hity/Support/Info.plist;
				INFOPLIST_KEY_UIApplicationSupportsIndirectInputEvents = YES;
				INFOPLIST_KEY_UILaunchStoryboardName = LaunchScreen;
				INFOPLIST_KEY_UISupportedInterfaceOrientations_iPad = "UIInterfaceOrientationPortrait UIInterfaceOrientationPortraitUpsideDown UIInterfaceOrientationLandscapeLeft UIInterfaceOrientationLandscapeRight";
				INFOPLIST_KEY_UISupportedInterfaceOrientations_iPhone = "UIInterfaceOrientationPortrait UIInterfaceOrientationLandscapeLeft UIInterfaceOrientationLandscapeRight";
				IPHONEOS_DEPLOYMENT_TARGET = 13.0;
				LD_RUNPATH_SEARCH_PATHS = (
					"$(inherited)",
					"@executable_path/Frameworks",
				);
				MARKETING_VERSION = 1.0.0;
				PRODUCT_BUNDLE_IDENTIFIER = com.ekremalkan.Hity;
				PRODUCT_NAME = "$(TARGET_NAME)";
				SWIFT_EMIT_LOC_STRINGS = YES;
				SWIFT_VERSION = 5.0;
				TARGETED_DEVICE_FAMILY = "1,2";
			};
			name = Release;
		};
/* End XCBuildConfiguration section */

/* Begin XCConfigurationList section */
		F061A59C2986EA7500EAD006 /* Build configuration list for PBXProject "Hity" */ = {
			isa = XCConfigurationList;
			buildConfigurations = (
				F061A5B32986EA7500EAD006 /* Debug */,
				F061A5B42986EA7500EAD006 /* Release */,
			);
			defaultConfigurationIsVisible = 0;
			defaultConfigurationName = Release;
		};
		F061A5B52986EA7500EAD006 /* Build configuration list for PBXNativeTarget "Hity" */ = {
			isa = XCConfigurationList;
			buildConfigurations = (
				F061A5B62986EA7500EAD006 /* Debug */,
				F061A5B72986EA7500EAD006 /* Release */,
			);
			defaultConfigurationIsVisible = 0;
			defaultConfigurationName = Release;
		};
/* End XCConfigurationList section */

/* Begin XCRemoteSwiftPackageReference section */
		F0FEA0032996381F00EE7D45 /* XCRemoteSwiftPackageReference "firebase-ios-sdk" */ = {
			isa = XCRemoteSwiftPackageReference;
			repositoryURL = "https://github.com/firebase/firebase-ios-sdk";
			requirement = {
				branch = master;
				kind = branch;
			};
		};
		F0FEA00829963E1600EE7D45 /* XCRemoteSwiftPackageReference "GoogleSignIn-iOS" */ = {
			isa = XCRemoteSwiftPackageReference;
			repositoryURL = "https://github.com/google/GoogleSignIn-iOS";
			requirement = {
				kind = upToNextMajorVersion;
				minimumVersion = 7.0.0;
			};
		};
/* End XCRemoteSwiftPackageReference section */

/* Begin XCSwiftPackageProductDependency section */
		F0FEA0042996381F00EE7D45 /* FirebaseAuth */ = {
			isa = XCSwiftPackageProductDependency;
			package = F0FEA0032996381F00EE7D45 /* XCRemoteSwiftPackageReference "firebase-ios-sdk" */;
			productName = FirebaseAuth;
		};
		F0FEA0062996381F00EE7D45 /* FirebaseFirestore */ = {
			isa = XCSwiftPackageProductDependency;
			package = F0FEA0032996381F00EE7D45 /* XCRemoteSwiftPackageReference "firebase-ios-sdk" */;
			productName = FirebaseFirestore;
		};
		F0FEA00929963E1600EE7D45 /* GoogleSignIn */ = {
			isa = XCSwiftPackageProductDependency;
			package = F0FEA00829963E1600EE7D45 /* XCRemoteSwiftPackageReference "GoogleSignIn-iOS" */;
			productName = GoogleSignIn;
		};
/* End XCSwiftPackageProductDependency section */
	};
	rootObject = F061A5992986EA7500EAD006 /* Project object */;
}
